// !$*UTF8*$!
{
	archiveVersion = 1;
	classes = {
	};
	objectVersion = 46;
	objects = {

/* Begin PBXBuildFile section */
		90173D491D3B78B40054B0AF /* User.swift in Sources */ = {isa = PBXBuildFile; fileRef = 90173D481D3B78B40054B0AF /* User.swift */; };
		90173D4B1D3B92550054B0AF /* Notice.swift in Sources */ = {isa = PBXBuildFile; fileRef = 90173D4A1D3B92550054B0AF /* Notice.swift */; };
		90173D4D1D3CB9B90054B0AF /* Comment.swift in Sources */ = {isa = PBXBuildFile; fileRef = 90173D4C1D3CB9B90054B0AF /* Comment.swift */; };
		90173D7F1D3CCF5C0054B0AF /* NSCharacterSet.swift in Sources */ = {isa = PBXBuildFile; fileRef = 90173D661D3CCF5C0054B0AF /* NSCharacterSet.swift */; };
		90173D801D3CCF5C0054B0AF /* SocketAckEmitter.swift in Sources */ = {isa = PBXBuildFile; fileRef = 90173D671D3CCF5C0054B0AF /* SocketAckEmitter.swift */; };
		90173D811D3CCF5C0054B0AF /* SocketAckManager.swift in Sources */ = {isa = PBXBuildFile; fileRef = 90173D681D3CCF5C0054B0AF /* SocketAckManager.swift */; };
		90173D821D3CCF5C0054B0AF /* SocketAnyEvent.swift in Sources */ = {isa = PBXBuildFile; fileRef = 90173D691D3CCF5C0054B0AF /* SocketAnyEvent.swift */; };
		90173D831D3CCF5C0054B0AF /* SocketClientManager.swift in Sources */ = {isa = PBXBuildFile; fileRef = 90173D6A1D3CCF5C0054B0AF /* SocketClientManager.swift */; };
		90173D841D3CCF5C0054B0AF /* SocketEngine.swift in Sources */ = {isa = PBXBuildFile; fileRef = 90173D6B1D3CCF5C0054B0AF /* SocketEngine.swift */; };
		90173D851D3CCF5C0054B0AF /* SocketEngineClient.swift in Sources */ = {isa = PBXBuildFile; fileRef = 90173D6C1D3CCF5C0054B0AF /* SocketEngineClient.swift */; };
		90173D861D3CCF5C0054B0AF /* SocketEnginePacketType.swift in Sources */ = {isa = PBXBuildFile; fileRef = 90173D6D1D3CCF5C0054B0AF /* SocketEnginePacketType.swift */; };
		90173D871D3CCF5C0054B0AF /* SocketEnginePollable.swift in Sources */ = {isa = PBXBuildFile; fileRef = 90173D6E1D3CCF5C0054B0AF /* SocketEnginePollable.swift */; };
		90173D881D3CCF5C0054B0AF /* SocketEngineSpec.swift in Sources */ = {isa = PBXBuildFile; fileRef = 90173D6F1D3CCF5C0054B0AF /* SocketEngineSpec.swift */; };
		90173D891D3CCF5C0054B0AF /* SocketEngineWebsocket.swift in Sources */ = {isa = PBXBuildFile; fileRef = 90173D701D3CCF5C0054B0AF /* SocketEngineWebsocket.swift */; };
		90173D8A1D3CCF5C0054B0AF /* SocketEventHandler.swift in Sources */ = {isa = PBXBuildFile; fileRef = 90173D711D3CCF5C0054B0AF /* SocketEventHandler.swift */; };
		90173D8B1D3CCF5C0054B0AF /* SocketIOClient.swift in Sources */ = {isa = PBXBuildFile; fileRef = 90173D721D3CCF5C0054B0AF /* SocketIOClient.swift */; };
		90173D8C1D3CCF5C0054B0AF /* SocketIOClientOption.swift in Sources */ = {isa = PBXBuildFile; fileRef = 90173D731D3CCF5C0054B0AF /* SocketIOClientOption.swift */; };
		90173D8D1D3CCF5C0054B0AF /* SocketIOClientSpec.swift in Sources */ = {isa = PBXBuildFile; fileRef = 90173D741D3CCF5C0054B0AF /* SocketIOClientSpec.swift */; };
		90173D8E1D3CCF5C0054B0AF /* SocketIOClientStatus.swift in Sources */ = {isa = PBXBuildFile; fileRef = 90173D751D3CCF5C0054B0AF /* SocketIOClientStatus.swift */; };
		90173D8F1D3CCF5C0054B0AF /* SocketLogger.swift in Sources */ = {isa = PBXBuildFile; fileRef = 90173D761D3CCF5C0054B0AF /* SocketLogger.swift */; };
		90173D901D3CCF5C0054B0AF /* SocketPacket.swift in Sources */ = {isa = PBXBuildFile; fileRef = 90173D771D3CCF5C0054B0AF /* SocketPacket.swift */; };
		90173D911D3CCF5C0054B0AF /* SocketParsable.swift in Sources */ = {isa = PBXBuildFile; fileRef = 90173D781D3CCF5C0054B0AF /* SocketParsable.swift */; };
		90173D921D3CCF5C0054B0AF /* SocketStringReader.swift in Sources */ = {isa = PBXBuildFile; fileRef = 90173D791D3CCF5C0054B0AF /* SocketStringReader.swift */; };
		90173D931D3CCF5C0054B0AF /* SocketTypes.swift in Sources */ = {isa = PBXBuildFile; fileRef = 90173D7A1D3CCF5C0054B0AF /* SocketTypes.swift */; };
		90173D941D3CCF5C0054B0AF /* String.swift in Sources */ = {isa = PBXBuildFile; fileRef = 90173D7B1D3CCF5C0054B0AF /* String.swift */; };
		90173D951D3CCF5C0054B0AF /* SSLSecurity.swift in Sources */ = {isa = PBXBuildFile; fileRef = 90173D7D1D3CCF5C0054B0AF /* SSLSecurity.swift */; };
		90173D961D3CCF5C0054B0AF /* WebSocket.swift in Sources */ = {isa = PBXBuildFile; fileRef = 90173D7E1D3CCF5C0054B0AF /* WebSocket.swift */; };
		9018BE621D3D21FB0048004A /* SocketIOManager.swift in Sources */ = {isa = PBXBuildFile; fileRef = 9018BE611D3D21FB0048004A /* SocketIOManager.swift */; };
		9018BE641D3D2FB30048004A /* SocketIOProtocol.swift in Sources */ = {isa = PBXBuildFile; fileRef = 9018BE631D3D2FB30048004A /* SocketIOProtocol.swift */; };
		904BACB31D3A50E800AB72A8 /* FriendTableViewController.swift in Sources */ = {isa = PBXBuildFile; fileRef = 904BACB21D3A50E800AB72A8 /* FriendTableViewController.swift */; };
		904BACB51D3A659600AB72A8 /* FriendTableViewCell.swift in Sources */ = {isa = PBXBuildFile; fileRef = 904BACB41D3A659600AB72A8 /* FriendTableViewCell.swift */; };
		905297D51D33508700575A8B /* AppDelegate.swift in Sources */ = {isa = PBXBuildFile; fileRef = 905297D41D33508700575A8B /* AppDelegate.swift */; };
		905297D71D33508700575A8B /* ViewController.swift in Sources */ = {isa = PBXBuildFile; fileRef = 905297D61D33508700575A8B /* ViewController.swift */; };
		905297DA1D33508700575A8B /* Main.storyboard in Resources */ = {isa = PBXBuildFile; fileRef = 905297D81D33508700575A8B /* Main.storyboard */; };
		905297DC1D33508700575A8B /* Assets.xcassets in Resources */ = {isa = PBXBuildFile; fileRef = 905297DB1D33508700575A8B /* Assets.xcassets */; };
		905297DF1D33508700575A8B /* LaunchScreen.storyboard in Resources */ = {isa = PBXBuildFile; fileRef = 905297DD1D33508700575A8B /* LaunchScreen.storyboard */; };
		905297EA1D33508700575A8B /* OneDayTests.swift in Sources */ = {isa = PBXBuildFile; fileRef = 905297E91D33508700575A8B /* OneDayTests.swift */; };
		905297F51D33508700575A8B /* OneDayUITests.swift in Sources */ = {isa = PBXBuildFile; fileRef = 905297F41D33508700575A8B /* OneDayUITests.swift */; };
/* End PBXBuildFile section */

/* Begin PBXContainerItemProxy section */
		905297E61D33508700575A8B /* PBXContainerItemProxy */ = {
			isa = PBXContainerItemProxy;
			containerPortal = 905297C91D33508700575A8B /* Project object */;
			proxyType = 1;
			remoteGlobalIDString = 905297D01D33508700575A8B;
			remoteInfo = OneDay;
		};
		905297F11D33508700575A8B /* PBXContainerItemProxy */ = {
			isa = PBXContainerItemProxy;
			containerPortal = 905297C91D33508700575A8B /* Project object */;
			proxyType = 1;
			remoteGlobalIDString = 905297D01D33508700575A8B;
			remoteInfo = OneDay;
		};
/* End PBXContainerItemProxy section */

/* Begin PBXFileReference section */
		90173D481D3B78B40054B0AF /* User.swift */ = {isa = PBXFileReference; fileEncoding = 4; lastKnownFileType = sourcecode.swift; path = User.swift; sourceTree = "<group>"; };
		90173D4A1D3B92550054B0AF /* Notice.swift */ = {isa = PBXFileReference; fileEncoding = 4; lastKnownFileType = sourcecode.swift; path = Notice.swift; sourceTree = "<group>"; };
		90173D4C1D3CB9B90054B0AF /* Comment.swift */ = {isa = PBXFileReference; fileEncoding = 4; lastKnownFileType = sourcecode.swift; path = Comment.swift; sourceTree = "<group>"; };
		90173D661D3CCF5C0054B0AF /* NSCharacterSet.swift */ = {isa = PBXFileReference; fileEncoding = 4; lastKnownFileType = sourcecode.swift; path = NSCharacterSet.swift; sourceTree = "<group>"; };
		90173D671D3CCF5C0054B0AF /* SocketAckEmitter.swift */ = {isa = PBXFileReference; fileEncoding = 4; lastKnownFileType = sourcecode.swift; path = SocketAckEmitter.swift; sourceTree = "<group>"; };
		90173D681D3CCF5C0054B0AF /* SocketAckManager.swift */ = {isa = PBXFileReference; fileEncoding = 4; lastKnownFileType = sourcecode.swift; path = SocketAckManager.swift; sourceTree = "<group>"; };
		90173D691D3CCF5C0054B0AF /* SocketAnyEvent.swift */ = {isa = PBXFileReference; fileEncoding = 4; lastKnownFileType = sourcecode.swift; path = SocketAnyEvent.swift; sourceTree = "<group>"; };
		90173D6A1D3CCF5C0054B0AF /* SocketClientManager.swift */ = {isa = PBXFileReference; fileEncoding = 4; lastKnownFileType = sourcecode.swift; path = SocketClientManager.swift; sourceTree = "<group>"; };
		90173D6B1D3CCF5C0054B0AF /* SocketEngine.swift */ = {isa = PBXFileReference; fileEncoding = 4; lastKnownFileType = sourcecode.swift; path = SocketEngine.swift; sourceTree = "<group>"; };
		90173D6C1D3CCF5C0054B0AF /* SocketEngineClient.swift */ = {isa = PBXFileReference; fileEncoding = 4; lastKnownFileType = sourcecode.swift; path = SocketEngineClient.swift; sourceTree = "<group>"; };
		90173D6D1D3CCF5C0054B0AF /* SocketEnginePacketType.swift */ = {isa = PBXFileReference; fileEncoding = 4; lastKnownFileType = sourcecode.swift; path = SocketEnginePacketType.swift; sourceTree = "<group>"; };
		90173D6E1D3CCF5C0054B0AF /* SocketEnginePollable.swift */ = {isa = PBXFileReference; fileEncoding = 4; lastKnownFileType = sourcecode.swift; path = SocketEnginePollable.swift; sourceTree = "<group>"; };
		90173D6F1D3CCF5C0054B0AF /* SocketEngineSpec.swift */ = {isa = PBXFileReference; fileEncoding = 4; lastKnownFileType = sourcecode.swift; path = SocketEngineSpec.swift; sourceTree = "<group>"; };
		90173D701D3CCF5C0054B0AF /* SocketEngineWebsocket.swift */ = {isa = PBXFileReference; fileEncoding = 4; lastKnownFileType = sourcecode.swift; path = SocketEngineWebsocket.swift; sourceTree = "<group>"; };
		90173D711D3CCF5C0054B0AF /* SocketEventHandler.swift */ = {isa = PBXFileReference; fileEncoding = 4; lastKnownFileType = sourcecode.swift; path = SocketEventHandler.swift; sourceTree = "<group>"; };
		90173D721D3CCF5C0054B0AF /* SocketIOClient.swift */ = {isa = PBXFileReference; fileEncoding = 4; lastKnownFileType = sourcecode.swift; path = SocketIOClient.swift; sourceTree = "<group>"; };
		90173D731D3CCF5C0054B0AF /* SocketIOClientOption.swift */ = {isa = PBXFileReference; fileEncoding = 4; lastKnownFileType = sourcecode.swift; path = SocketIOClientOption.swift; sourceTree = "<group>"; };
		90173D741D3CCF5C0054B0AF /* SocketIOClientSpec.swift */ = {isa = PBXFileReference; fileEncoding = 4; lastKnownFileType = sourcecode.swift; path = SocketIOClientSpec.swift; sourceTree = "<group>"; };
		90173D751D3CCF5C0054B0AF /* SocketIOClientStatus.swift */ = {isa = PBXFileReference; fileEncoding = 4; lastKnownFileType = sourcecode.swift; path = SocketIOClientStatus.swift; sourceTree = "<group>"; };
		90173D761D3CCF5C0054B0AF /* SocketLogger.swift */ = {isa = PBXFileReference; fileEncoding = 4; lastKnownFileType = sourcecode.swift; path = SocketLogger.swift; sourceTree = "<group>"; };
		90173D771D3CCF5C0054B0AF /* SocketPacket.swift */ = {isa = PBXFileReference; fileEncoding = 4; lastKnownFileType = sourcecode.swift; path = SocketPacket.swift; sourceTree = "<group>"; };
		90173D781D3CCF5C0054B0AF /* SocketParsable.swift */ = {isa = PBXFileReference; fileEncoding = 4; lastKnownFileType = sourcecode.swift; path = SocketParsable.swift; sourceTree = "<group>"; };
		90173D791D3CCF5C0054B0AF /* SocketStringReader.swift */ = {isa = PBXFileReference; fileEncoding = 4; lastKnownFileType = sourcecode.swift; path = SocketStringReader.swift; sourceTree = "<group>"; };
		90173D7A1D3CCF5C0054B0AF /* SocketTypes.swift */ = {isa = PBXFileReference; fileEncoding = 4; lastKnownFileType = sourcecode.swift; path = SocketTypes.swift; sourceTree = "<group>"; };
		90173D7B1D3CCF5C0054B0AF /* String.swift */ = {isa = PBXFileReference; fileEncoding = 4; lastKnownFileType = sourcecode.swift; path = String.swift; sourceTree = "<group>"; };
		90173D7D1D3CCF5C0054B0AF /* SSLSecurity.swift */ = {isa = PBXFileReference; fileEncoding = 4; lastKnownFileType = sourcecode.swift; path = SSLSecurity.swift; sourceTree = "<group>"; };
		90173D7E1D3CCF5C0054B0AF /* WebSocket.swift */ = {isa = PBXFileReference; fileEncoding = 4; lastKnownFileType = sourcecode.swift; path = WebSocket.swift; sourceTree = "<group>"; };
		9018BE611D3D21FB0048004A /* SocketIOManager.swift */ = {isa = PBXFileReference; fileEncoding = 4; lastKnownFileType = sourcecode.swift; path = SocketIOManager.swift; sourceTree = "<group>"; };
		9018BE631D3D2FB30048004A /* SocketIOProtocol.swift */ = {isa = PBXFileReference; fileEncoding = 4; lastKnownFileType = sourcecode.swift; path = SocketIOProtocol.swift; sourceTree = "<group>"; };
		904BACB21D3A50E800AB72A8 /* FriendTableViewController.swift */ = {isa = PBXFileReference; fileEncoding = 4; lastKnownFileType = sourcecode.swift; path = FriendTableViewController.swift; sourceTree = "<group>"; };
		904BACB41D3A659600AB72A8 /* FriendTableViewCell.swift */ = {isa = PBXFileReference; fileEncoding = 4; lastKnownFileType = sourcecode.swift; path = FriendTableViewCell.swift; sourceTree = "<group>"; };
		905297D11D33508700575A8B /* OneDay.app */ = {isa = PBXFileReference; explicitFileType = wrapper.application; includeInIndex = 0; path = OneDay.app; sourceTree = BUILT_PRODUCTS_DIR; };
		905297D41D33508700575A8B /* AppDelegate.swift */ = {isa = PBXFileReference; lastKnownFileType = sourcecode.swift; path = AppDelegate.swift; sourceTree = "<group>"; };
		905297D61D33508700575A8B /* ViewController.swift */ = {isa = PBXFileReference; lastKnownFileType = sourcecode.swift; path = ViewController.swift; sourceTree = "<group>"; };
		905297D91D33508700575A8B /* Base */ = {isa = PBXFileReference; lastKnownFileType = file.storyboard; name = Base; path = Base.lproj/Main.storyboard; sourceTree = "<group>"; };
		905297DB1D33508700575A8B /* Assets.xcassets */ = {isa = PBXFileReference; lastKnownFileType = folder.assetcatalog; path = Assets.xcassets; sourceTree = "<group>"; };
		905297DE1D33508700575A8B /* Base */ = {isa = PBXFileReference; lastKnownFileType = file.storyboard; name = Base; path = Base.lproj/LaunchScreen.storyboard; sourceTree = "<group>"; };
		905297E01D33508700575A8B /* Info.plist */ = {isa = PBXFileReference; lastKnownFileType = text.plist.xml; path = Info.plist; sourceTree = "<group>"; };
		905297E51D33508700575A8B /* OneDayTests.xctest */ = {isa = PBXFileReference; explicitFileType = wrapper.cfbundle; includeInIndex = 0; path = OneDayTests.xctest; sourceTree = BUILT_PRODUCTS_DIR; };
		905297E91D33508700575A8B /* OneDayTests.swift */ = {isa = PBXFileReference; lastKnownFileType = sourcecode.swift; path = OneDayTests.swift; sourceTree = "<group>"; };
		905297EB1D33508700575A8B /* Info.plist */ = {isa = PBXFileReference; lastKnownFileType = text.plist.xml; path = Info.plist; sourceTree = "<group>"; };
		905297F01D33508700575A8B /* OneDayUITests.xctest */ = {isa = PBXFileReference; explicitFileType = wrapper.cfbundle; includeInIndex = 0; path = OneDayUITests.xctest; sourceTree = BUILT_PRODUCTS_DIR; };
		905297F41D33508700575A8B /* OneDayUITests.swift */ = {isa = PBXFileReference; lastKnownFileType = sourcecode.swift; path = OneDayUITests.swift; sourceTree = "<group>"; };
		905297F61D33508700575A8B /* Info.plist */ = {isa = PBXFileReference; lastKnownFileType = text.plist.xml; path = Info.plist; sourceTree = "<group>"; };
/* End PBXFileReference section */

/* Begin PBXFrameworksBuildPhase section */
		905297CE1D33508700575A8B /* Frameworks */ = {
			isa = PBXFrameworksBuildPhase;
			buildActionMask = 2147483647;
			files = (
			);
			runOnlyForDeploymentPostprocessing = 0;
		};
		905297E21D33508700575A8B /* Frameworks */ = {
			isa = PBXFrameworksBuildPhase;
			buildActionMask = 2147483647;
			files = (
			);
			runOnlyForDeploymentPostprocessing = 0;
		};
		905297ED1D33508700575A8B /* Frameworks */ = {
			isa = PBXFrameworksBuildPhase;
			buildActionMask = 2147483647;
			files = (
			);
			runOnlyForDeploymentPostprocessing = 0;
		};
/* End PBXFrameworksBuildPhase section */

/* Begin PBXGroup section */
		90173D461D3B78550054B0AF /* dao */ = {
			isa = PBXGroup;
			children = (
				90173D481D3B78B40054B0AF /* User.swift */,
				90173D4A1D3B92550054B0AF /* Notice.swift */,
				90173D4C1D3CB9B90054B0AF /* Comment.swift */,
			);
			name = dao;
			sourceTree = "<group>";
		};
		90173D471D3B78600054B0AF /* Friends */ = {
			isa = PBXGroup;
			children = (
				904BACB21D3A50E800AB72A8 /* FriendTableViewController.swift */,
				904BACB41D3A659600AB72A8 /* FriendTableViewCell.swift */,
			);
			name = Friends;
			sourceTree = "<group>";
		};
		90173D601D3CCE4D0054B0AF /* SocketIO */ = {
			isa = PBXGroup;
			children = (
				9018BE611D3D21FB0048004A /* SocketIOManager.swift */,
				90173D651D3CCF5C0054B0AF /* Source */,
				9018BE631D3D2FB30048004A /* SocketIOProtocol.swift */,
			);
			name = SocketIO;
			sourceTree = "<group>";
		};
		90173D651D3CCF5C0054B0AF /* Source */ = {
			isa = PBXGroup;
			children = (
				90173D661D3CCF5C0054B0AF /* NSCharacterSet.swift */,
				90173D671D3CCF5C0054B0AF /* SocketAckEmitter.swift */,
				90173D681D3CCF5C0054B0AF /* SocketAckManager.swift */,
				90173D691D3CCF5C0054B0AF /* SocketAnyEvent.swift */,
				90173D6A1D3CCF5C0054B0AF /* SocketClientManager.swift */,
				90173D6B1D3CCF5C0054B0AF /* SocketEngine.swift */,
				90173D6C1D3CCF5C0054B0AF /* SocketEngineClient.swift */,
				90173D6D1D3CCF5C0054B0AF /* SocketEnginePacketType.swift */,
				90173D6E1D3CCF5C0054B0AF /* SocketEnginePollable.swift */,
				90173D6F1D3CCF5C0054B0AF /* SocketEngineSpec.swift */,
				90173D701D3CCF5C0054B0AF /* SocketEngineWebsocket.swift */,
				90173D711D3CCF5C0054B0AF /* SocketEventHandler.swift */,
				90173D721D3CCF5C0054B0AF /* SocketIOClient.swift */,
				90173D731D3CCF5C0054B0AF /* SocketIOClientOption.swift */,
				90173D741D3CCF5C0054B0AF /* SocketIOClientSpec.swift */,
				90173D751D3CCF5C0054B0AF /* SocketIOClientStatus.swift */,
				90173D761D3CCF5C0054B0AF /* SocketLogger.swift */,
				90173D771D3CCF5C0054B0AF /* SocketPacket.swift */,
				90173D781D3CCF5C0054B0AF /* SocketParsable.swift */,
				90173D791D3CCF5C0054B0AF /* SocketStringReader.swift */,
				90173D7A1D3CCF5C0054B0AF /* SocketTypes.swift */,
				90173D7B1D3CCF5C0054B0AF /* String.swift */,
				90173D7C1D3CCF5C0054B0AF /* WebSocket */,
			);
			name = Source;
			path = "../../../Downloads/socket.io-client-swift-master/Source";
			sourceTree = "<group>";
		};
		90173D7C1D3CCF5C0054B0AF /* WebSocket */ = {
			isa = PBXGroup;
			children = (
				90173D7D1D3CCF5C0054B0AF /* SSLSecurity.swift */,
				90173D7E1D3CCF5C0054B0AF /* WebSocket.swift */,
			);
			path = WebSocket;
			sourceTree = "<group>";
		};
		905297C81D33508700575A8B = {
			isa = PBXGroup;
			children = (
				905297D31D33508700575A8B /* OneDay */,
				905297E81D33508700575A8B /* OneDayTests */,
				905297F31D33508700575A8B /* OneDayUITests */,
				905297D21D33508700575A8B /* Products */,
			);
			sourceTree = "<group>";
		};
		905297D21D33508700575A8B /* Products */ = {
			isa = PBXGroup;
			children = (
				905297D11D33508700575A8B /* OneDay.app */,
				905297E51D33508700575A8B /* OneDayTests.xctest */,
				905297F01D33508700575A8B /* OneDayUITests.xctest */,
			);
			name = Products;
			sourceTree = "<group>";
		};
		905297D31D33508700575A8B /* OneDay */ = {
			isa = PBXGroup;
			children = (
				90173D601D3CCE4D0054B0AF /* SocketIO */,
				90173D471D3B78600054B0AF /* Friends */,
				90173D461D3B78550054B0AF /* dao */,
				905297D41D33508700575A8B /* AppDelegate.swift */,
				905297D61D33508700575A8B /* ViewController.swift */,
				905297D81D33508700575A8B /* Main.storyboard */,
				905297DB1D33508700575A8B /* Assets.xcassets */,
				905297DD1D33508700575A8B /* LaunchScreen.storyboard */,
				905297E01D33508700575A8B /* Info.plist */,
			);
			path = OneDay;
			sourceTree = "<group>";
		};
		905297E81D33508700575A8B /* OneDayTests */ = {
			isa = PBXGroup;
			children = (
				905297E91D33508700575A8B /* OneDayTests.swift */,
				905297EB1D33508700575A8B /* Info.plist */,
			);
			path = OneDayTests;
			sourceTree = "<group>";
		};
		905297F31D33508700575A8B /* OneDayUITests */ = {
			isa = PBXGroup;
			children = (
				905297F41D33508700575A8B /* OneDayUITests.swift */,
				905297F61D33508700575A8B /* Info.plist */,
			);
			path = OneDayUITests;
			sourceTree = "<group>";
		};
/* End PBXGroup section */

/* Begin PBXNativeTarget section */
		905297D01D33508700575A8B /* OneDay */ = {
			isa = PBXNativeTarget;
			buildConfigurationList = 905297F91D33508700575A8B /* Build configuration list for PBXNativeTarget "OneDay" */;
			buildPhases = (
				905297CD1D33508700575A8B /* Sources */,
				905297CE1D33508700575A8B /* Frameworks */,
				905297CF1D33508700575A8B /* Resources */,
			);
			buildRules = (
			);
			dependencies = (
			);
			name = OneDay;
			productName = OneDay;
			productReference = 905297D11D33508700575A8B /* OneDay.app */;
			productType = "com.apple.product-type.application";
		};
		905297E41D33508700575A8B /* OneDayTests */ = {
			isa = PBXNativeTarget;
			buildConfigurationList = 905297FC1D33508700575A8B /* Build configuration list for PBXNativeTarget "OneDayTests" */;
			buildPhases = (
				905297E11D33508700575A8B /* Sources */,
				905297E21D33508700575A8B /* Frameworks */,
				905297E31D33508700575A8B /* Resources */,
			);
			buildRules = (
			);
			dependencies = (
				905297E71D33508700575A8B /* PBXTargetDependency */,
			);
			name = OneDayTests;
			productName = OneDayTests;
			productReference = 905297E51D33508700575A8B /* OneDayTests.xctest */;
			productType = "com.apple.product-type.bundle.unit-test";
		};
		905297EF1D33508700575A8B /* OneDayUITests */ = {
			isa = PBXNativeTarget;
			buildConfigurationList = 905297FF1D33508700575A8B /* Build configuration list for PBXNativeTarget "OneDayUITests" */;
			buildPhases = (
				905297EC1D33508700575A8B /* Sources */,
				905297ED1D33508700575A8B /* Frameworks */,
				905297EE1D33508700575A8B /* Resources */,
			);
			buildRules = (
			);
			dependencies = (
				905297F21D33508700575A8B /* PBXTargetDependency */,
			);
			name = OneDayUITests;
			productName = OneDayUITests;
			productReference = 905297F01D33508700575A8B /* OneDayUITests.xctest */;
			productType = "com.apple.product-type.bundle.ui-testing";
		};
/* End PBXNativeTarget section */

/* Begin PBXProject section */
		905297C91D33508700575A8B /* Project object */ = {
			isa = PBXProject;
			attributes = {
				KnownAssetTags = (
					New,
				);
				LastSwiftUpdateCheck = 0730;
				LastUpgradeCheck = 0730;
				ORGANIZATIONNAME = "이동규";
				TargetAttributes = {
					905297D01D33508700575A8B = {
						CreatedOnToolsVersion = 7.3.1;
						DevelopmentTeam = 8S882ZSFK3;
					};
					905297E41D33508700575A8B = {
						CreatedOnToolsVersion = 7.3.1;
						DevelopmentTeam = 8S882ZSFK3;
						TestTargetID = 905297D01D33508700575A8B;
					};
					905297EF1D33508700575A8B = {
						CreatedOnToolsVersion = 7.3.1;
						DevelopmentTeam = 8S882ZSFK3;
						TestTargetID = 905297D01D33508700575A8B;
					};
				};
			};
			buildConfigurationList = 905297CC1D33508700575A8B /* Build configuration list for PBXProject "OneDay" */;
			compatibilityVersion = "Xcode 3.2";
			developmentRegion = English;
			hasScannedForEncodings = 0;
			knownRegions = (
				en,
				Base,
			);
			mainGroup = 905297C81D33508700575A8B;
			productRefGroup = 905297D21D33508700575A8B /* Products */;
			projectDirPath = "";
			projectRoot = "";
			targets = (
				905297D01D33508700575A8B /* OneDay */,
				905297E41D33508700575A8B /* OneDayTests */,
				905297EF1D33508700575A8B /* OneDayUITests */,
			);
		};
/* End PBXProject section */

/* Begin PBXResourcesBuildPhase section */
		905297CF1D33508700575A8B /* Resources */ = {
			isa = PBXResourcesBuildPhase;
			buildActionMask = 2147483647;
			files = (
				905297DF1D33508700575A8B /* LaunchScreen.storyboard in Resources */,
				905297DC1D33508700575A8B /* Assets.xcassets in Resources */,
				905297DA1D33508700575A8B /* Main.storyboard in Resources */,
			);
			runOnlyForDeploymentPostprocessing = 0;
		};
		905297E31D33508700575A8B /* Resources */ = {
			isa = PBXResourcesBuildPhase;
			buildActionMask = 2147483647;
			files = (
			);
			runOnlyForDeploymentPostprocessing = 0;
		};
		905297EE1D33508700575A8B /* Resources */ = {
			isa = PBXResourcesBuildPhase;
			buildActionMask = 2147483647;
			files = (
			);
			runOnlyForDeploymentPostprocessing = 0;
		};
/* End PBXResourcesBuildPhase section */

/* Begin PBXSourcesBuildPhase section */
		905297CD1D33508700575A8B /* Sources */ = {
			isa = PBXSourcesBuildPhase;
			buildActionMask = 2147483647;
			files = (
				90173D941D3CCF5C0054B0AF /* String.swift in Sources */,
				90173D8D1D3CCF5C0054B0AF /* SocketIOClientSpec.swift in Sources */,
				904BACB31D3A50E800AB72A8 /* FriendTableViewController.swift in Sources */,
				90173D7F1D3CCF5C0054B0AF /* NSCharacterSet.swift in Sources */,
				905297D71D33508700575A8B /* ViewController.swift in Sources */,
				90173D8C1D3CCF5C0054B0AF /* SocketIOClientOption.swift in Sources */,
				90173D801D3CCF5C0054B0AF /* SocketAckEmitter.swift in Sources */,
				90173D821D3CCF5C0054B0AF /* SocketAnyEvent.swift in Sources */,
				905297D51D33508700575A8B /* AppDelegate.swift in Sources */,
				90173D891D3CCF5C0054B0AF /* SocketEngineWebsocket.swift in Sources */,
				9018BE621D3D21FB0048004A /* SocketIOManager.swift in Sources */,
				9018BE641D3D2FB30048004A /* SocketIOProtocol.swift in Sources */,
				90173D8A1D3CCF5C0054B0AF /* SocketEventHandler.swift in Sources */,
				90173D4D1D3CB9B90054B0AF /* Comment.swift in Sources */,
				90173D851D3CCF5C0054B0AF /* SocketEngineClient.swift in Sources */,
				90173D8E1D3CCF5C0054B0AF /* SocketIOClientStatus.swift in Sources */,
				90173D811D3CCF5C0054B0AF /* SocketAckManager.swift in Sources */,
				90173D8F1D3CCF5C0054B0AF /* SocketLogger.swift in Sources */,
				90173D951D3CCF5C0054B0AF /* SSLSecurity.swift in Sources */,
				90173D921D3CCF5C0054B0AF /* SocketStringReader.swift in Sources */,
				90173D901D3CCF5C0054B0AF /* SocketPacket.swift in Sources */,
				90173D4B1D3B92550054B0AF /* Notice.swift in Sources */,
				90173D931D3CCF5C0054B0AF /* SocketTypes.swift in Sources */,
				90173D961D3CCF5C0054B0AF /* WebSocket.swift in Sources */,
				90173D491D3B78B40054B0AF /* User.swift in Sources */,
				904BACB51D3A659600AB72A8 /* FriendTableViewCell.swift in Sources */,
				90173D831D3CCF5C0054B0AF /* SocketClientManager.swift in Sources */,
				90173D8B1D3CCF5C0054B0AF /* SocketIOClient.swift in Sources */,
				90173D861D3CCF5C0054B0AF /* SocketEnginePacketType.swift in Sources */,
				90173D911D3CCF5C0054B0AF /* SocketParsable.swift in Sources */,
				90173D881D3CCF5C0054B0AF /* SocketEngineSpec.swift in Sources */,
				90173D841D3CCF5C0054B0AF /* SocketEngine.swift in Sources */,
				90173D871D3CCF5C0054B0AF /* SocketEnginePollable.swift in Sources */,
			);
			runOnlyForDeploymentPostprocessing = 0;
		};
		905297E11D33508700575A8B /* Sources */ = {
			isa = PBXSourcesBuildPhase;
			buildActionMask = 2147483647;
			files = (
				905297EA1D33508700575A8B /* OneDayTests.swift in Sources */,
			);
			runOnlyForDeploymentPostprocessing = 0;
		};
		905297EC1D33508700575A8B /* Sources */ = {
			isa = PBXSourcesBuildPhase;
			buildActionMask = 2147483647;
			files = (
				905297F51D33508700575A8B /* OneDayUITests.swift in Sources */,
			);
			runOnlyForDeploymentPostprocessing = 0;
		};
/* End PBXSourcesBuildPhase section */

/* Begin PBXTargetDependency section */
		905297E71D33508700575A8B /* PBXTargetDependency */ = {
			isa = PBXTargetDependency;
			target = 905297D01D33508700575A8B /* OneDay */;
			targetProxy = 905297E61D33508700575A8B /* PBXContainerItemProxy */;
		};
		905297F21D33508700575A8B /* PBXTargetDependency */ = {
			isa = PBXTargetDependency;
			target = 905297D01D33508700575A8B /* OneDay */;
			targetProxy = 905297F11D33508700575A8B /* PBXContainerItemProxy */;
		};
/* End PBXTargetDependency section */

/* Begin PBXVariantGroup section */
		905297D81D33508700575A8B /* Main.storyboard */ = {
			isa = PBXVariantGroup;
			children = (
				905297D91D33508700575A8B /* Base */,
			);
			name = Main.storyboard;
			sourceTree = "<group>";
		};
		905297DD1D33508700575A8B /* LaunchScreen.storyboard */ = {
			isa = PBXVariantGroup;
			children = (
				905297DE1D33508700575A8B /* Base */,
			);
			name = LaunchScreen.storyboard;
			sourceTree = "<group>";
		};
/* End PBXVariantGroup section */

/* Begin XCBuildConfiguration section */
		905297F71D33508700575A8B /* Debug */ = {
			isa = XCBuildConfiguration;
			buildSettings = {
				ALWAYS_SEARCH_USER_PATHS = NO;
				CLANG_ANALYZER_NONNULL = YES;
				CLANG_CXX_LANGUAGE_STANDARD = "gnu++0x";
				CLANG_CXX_LIBRARY = "libc++";
				CLANG_ENABLE_MODULES = YES;
				CLANG_ENABLE_OBJC_ARC = YES;
				CLANG_WARN_BOOL_CONVERSION = YES;
				CLANG_WARN_CONSTANT_CONVERSION = YES;
				CLANG_WARN_DIRECT_OBJC_ISA_USAGE = YES_ERROR;
				CLANG_WARN_EMPTY_BODY = YES;
				CLANG_WARN_ENUM_CONVERSION = YES;
				CLANG_WARN_INT_CONVERSION = YES;
				CLANG_WARN_OBJC_ROOT_CLASS = YES_ERROR;
				CLANG_WARN_UNREACHABLE_CODE = YES;
				CLANG_WARN__DUPLICATE_METHOD_MATCH = YES;
				"CODE_SIGN_IDENTITY[sdk=iphoneos*]" = "iPhone Developer";
				COPY_PHASE_STRIP = NO;
				DEBUG_INFORMATION_FORMAT = dwarf;
				ENABLE_STRICT_OBJC_MSGSEND = YES;
				ENABLE_TESTABILITY = YES;
				GCC_C_LANGUAGE_STANDARD = gnu99;
				GCC_DYNAMIC_NO_PIC = NO;
				GCC_NO_COMMON_BLOCKS = YES;
				GCC_OPTIMIZATION_LEVEL = 0;
				GCC_PREPROCESSOR_DEFINITIONS = (
					"DEBUG=1",
					"$(inherited)",
				);
				GCC_WARN_64_TO_32_BIT_CONVERSION = YES;
				GCC_WARN_ABOUT_RETURN_TYPE = YES_ERROR;
				GCC_WARN_UNDECLARED_SELECTOR = YES;
				GCC_WARN_UNINITIALIZED_AUTOS = YES_AGGRESSIVE;
				GCC_WARN_UNUSED_FUNCTION = YES;
				GCC_WARN_UNUSED_VARIABLE = YES;
				IPHONEOS_DEPLOYMENT_TARGET = 9.3;
				MTL_ENABLE_DEBUG_INFO = YES;
				ONLY_ACTIVE_ARCH = YES;
				SDKROOT = iphoneos;
				SWIFT_OPTIMIZATION_LEVEL = "-Onone";
				TARGETED_DEVICE_FAMILY = "1,2";
			};
			name = Debug;
		};
		905297F81D33508700575A8B /* Release */ = {
			isa = XCBuildConfiguration;
			buildSettings = {
				ALWAYS_SEARCH_USER_PATHS = NO;
				CLANG_ANALYZER_NONNULL = YES;
				CLANG_CXX_LANGUAGE_STANDARD = "gnu++0x";
				CLANG_CXX_LIBRARY = "libc++";
				CLANG_ENABLE_MODULES = YES;
				CLANG_ENABLE_OBJC_ARC = YES;
				CLANG_WARN_BOOL_CONVERSION = YES;
				CLANG_WARN_CONSTANT_CONVERSION = YES;
				CLANG_WARN_DIRECT_OBJC_ISA_USAGE = YES_ERROR;
				CLANG_WARN_EMPTY_BODY = YES;
				CLANG_WARN_ENUM_CONVERSION = YES;
				CLANG_WARN_INT_CONVERSION = YES;
				CLANG_WARN_OBJC_ROOT_CLASS = YES_ERROR;
				CLANG_WARN_UNREACHABLE_CODE = YES;
				CLANG_WARN__DUPLICATE_METHOD_MATCH = YES;
				"CODE_SIGN_IDENTITY[sdk=iphoneos*]" = "iPhone Developer";
				COPY_PHASE_STRIP = NO;
				DEBUG_INFORMATION_FORMAT = "dwarf-with-dsym";
				ENABLE_NS_ASSERTIONS = NO;
				ENABLE_STRICT_OBJC_MSGSEND = YES;
				GCC_C_LANGUAGE_STANDARD = gnu99;
				GCC_NO_COMMON_BLOCKS = YES;
				GCC_WARN_64_TO_32_BIT_CONVERSION = YES;
				GCC_WARN_ABOUT_RETURN_TYPE = YES_ERROR;
				GCC_WARN_UNDECLARED_SELECTOR = YES;
				GCC_WARN_UNINITIALIZED_AUTOS = YES_AGGRESSIVE;
				GCC_WARN_UNUSED_FUNCTION = YES;
				GCC_WARN_UNUSED_VARIABLE = YES;
				IPHONEOS_DEPLOYMENT_TARGET = 9.3;
				MTL_ENABLE_DEBUG_INFO = NO;
				SDKROOT = iphoneos;
				TARGETED_DEVICE_FAMILY = "1,2";
				VALIDATE_PRODUCT = YES;
			};
			name = Release;
		};
		905297FA1D33508700575A8B /* Debug */ = {
			isa = XCBuildConfiguration;
			buildSettings = {
				ASSETCATALOG_COMPILER_APPICON_NAME = AppIcon;
				CODE_SIGN_IDENTITY = "iPhone Developer";
				"CODE_SIGN_IDENTITY[sdk=iphoneos*]" = "iPhone Developer";
				INFOPLIST_FILE = OneDay/Info.plist;
				LD_RUNPATH_SEARCH_PATHS = "$(inherited) @executable_path/Frameworks";
				PRODUCT_BUNDLE_IDENTIFIER = com.ironfactory.OneDay;
				PRODUCT_NAME = "$(TARGET_NAME)";
				PROVISIONING_PROFILE = "";
			};
			name = Debug;
		};
		905297FB1D33508700575A8B /* Release */ = {
			isa = XCBuildConfiguration;
			buildSettings = {
				ASSETCATALOG_COMPILER_APPICON_NAME = AppIcon;
				CODE_SIGN_IDENTITY = "iPhone Developer";
				"CODE_SIGN_IDENTITY[sdk=iphoneos*]" = "iPhone Developer";
				INFOPLIST_FILE = OneDay/Info.plist;
				LD_RUNPATH_SEARCH_PATHS = "$(inherited) @executable_path/Frameworks";
				PRODUCT_BUNDLE_IDENTIFIER = com.ironfactory.OneDay;
				PRODUCT_NAME = "$(TARGET_NAME)";
				PROVISIONING_PROFILE = "";
			};
			name = Release;
		};
		905297FD1D33508700575A8B /* Debug */ = {
			isa = XCBuildConfiguration;
			buildSettings = {
				BUNDLE_LOADER = "$(TEST_HOST)";
				INFOPLIST_FILE = OneDayTests/Info.plist;
				LD_RUNPATH_SEARCH_PATHS = "$(inherited) @executable_path/Frameworks @loader_path/Frameworks";
				PRODUCT_BUNDLE_IDENTIFIER = com.ironfactory.OneDayTests;
				PRODUCT_NAME = "$(TARGET_NAME)";
				TEST_HOST = "$(BUILT_PRODUCTS_DIR)/OneDay.app/OneDay";
			};
			name = Debug;
		};
		905297FE1D33508700575A8B /* Release */ = {
			isa = XCBuildConfiguration;
			buildSettings = {
				BUNDLE_LOADER = "$(TEST_HOST)";
				INFOPLIST_FILE = OneDayTests/Info.plist;
				LD_RUNPATH_SEARCH_PATHS = "$(inherited) @executable_path/Frameworks @loader_path/Frameworks";
				PRODUCT_BUNDLE_IDENTIFIER = com.ironfactory.OneDayTests;
				PRODUCT_NAME = "$(TARGET_NAME)";
				TEST_HOST = "$(BUILT_PRODUCTS_DIR)/OneDay.app/OneDay";
			};
			name = Release;
		};
		905298001D33508700575A8B /* Debug */ = {
			isa = XCBuildConfiguration;
			buildSettings = {
				INFOPLIST_FILE = OneDayUITests/Info.plist;
				LD_RUNPATH_SEARCH_PATHS = "$(inherited) @executable_path/Frameworks @loader_path/Frameworks";
				PRODUCT_BUNDLE_IDENTIFIER = com.ironfactory.OneDayUITests;
				PRODUCT_NAME = "$(TARGET_NAME)";
				TEST_TARGET_NAME = OneDay;
			};
			name = Debug;
		};
		905298011D33508700575A8B /* Release */ = {
			isa = XCBuildConfiguration;
			buildSettings = {
				INFOPLIST_FILE = OneDayUITests/Info.plist;
				LD_RUNPATH_SEARCH_PATHS = "$(inherited) @executable_path/Frameworks @loader_path/Frameworks";
				PRODUCT_BUNDLE_IDENTIFIER = com.ironfactory.OneDayUITests;
				PRODUCT_NAME = "$(TARGET_NAME)";
				TEST_TARGET_NAME = OneDay;
			};
			name = Release;
		};
/* End XCBuildConfiguration section */

/* Begin XCConfigurationList section */
		905297CC1D33508700575A8B /* Build configuration list for PBXProject "OneDay" */ = {
			isa = XCConfigurationList;
			buildConfigurations = (
				905297F71D33508700575A8B /* Debug */,
				905297F81D33508700575A8B /* Release */,
			);
			defaultConfigurationIsVisible = 0;
			defaultConfigurationName = Release;
		};
		905297F91D33508700575A8B /* Build configuration list for PBXNativeTarget "OneDay" */ = {
			isa = XCConfigurationList;
			buildConfigurations = (
				905297FA1D33508700575A8B /* Debug */,
				905297FB1D33508700575A8B /* Release */,
			);
			defaultConfigurationIsVisible = 0;
			defaultConfigurationName = Release;
		};
		905297FC1D33508700575A8B /* Build configuration list for PBXNativeTarget "OneDayTests" */ = {
			isa = XCConfigurationList;
			buildConfigurations = (
				905297FD1D33508700575A8B /* Debug */,
				905297FE1D33508700575A8B /* Release */,
			);
			defaultConfigurationIsVisible = 0;
			defaultConfigurationName = Release;
		};
		905297FF1D33508700575A8B /* Build configuration list for PBXNativeTarget "OneDayUITests" */ = {
			isa = XCConfigurationList;
			buildConfigurations = (
				905298001D33508700575A8B /* Debug */,
				905298011D33508700575A8B /* Release */,
			);
			defaultConfigurationIsVisible = 0;
			defaultConfigurationName = Release;
		};
/* End XCConfigurationList section */
	};
	rootObject = 905297C91D33508700575A8B /* Project object */;
}
