// !$*UTF8*$!
{
	archiveVersion = 1;
	classes = {
	};
	objectVersion = 46;
	objects = {

/* Begin PBXBuildFile section */
		0152A0479997C20420F8FCB0 /* Pods_OneDay.framework in Frameworks */ = {isa = PBXBuildFile; fileRef = 8329284A5D1B900FF32674E6 /* Pods_OneDay.framework */; };
		5880733042384CCB2FF045DE /* Pods_OneDay_OneDayUITests.framework in Frameworks */ = {isa = PBXBuildFile; fileRef = 4D03251AACA71136631E9821 /* Pods_OneDay_OneDayUITests.framework */; };
		900BA5E01D6DD6F9007589CD /* SwiftHTTP.framework in Frameworks */ = {isa = PBXBuildFile; fileRef = 900BA5D11D6DCD87007589CD /* SwiftHTTP.framework */; };
		900BA5E11D6DD784007589CD /* libsqlite3.tbd in Frameworks */ = {isa = PBXBuildFile; fileRef = 909E0B6D1D5212C000809F3C /* libsqlite3.tbd */; };
		900BA5E31D6EE6CD007589CD /* TimelineImageCell.swift in Sources */ = {isa = PBXBuildFile; fileRef = 900BA5E21D6EE6CD007589CD /* TimelineImageCell.swift */; };
		900BA5E51D6EE8E8007589CD /* Kingfisher.framework in Frameworks */ = {isa = PBXBuildFile; fileRef = 900BA5E41D6EE8E8007589CD /* Kingfisher.framework */; };
		90173D491D3B78B40054B0AF /* User.swift in Sources */ = {isa = PBXBuildFile; fileRef = 90173D481D3B78B40054B0AF /* User.swift */; };
		90173D4B1D3B92550054B0AF /* Notice.swift in Sources */ = {isa = PBXBuildFile; fileRef = 90173D4A1D3B92550054B0AF /* Notice.swift */; };
		90173D4D1D3CB9B90054B0AF /* Comment.swift in Sources */ = {isa = PBXBuildFile; fileRef = 90173D4C1D3CB9B90054B0AF /* Comment.swift */; };
		90173D7F1D3CCF5C0054B0AF /* NSCharacterSet.swift in Sources */ = {isa = PBXBuildFile; fileRef = 90173D661D3CCF5C0054B0AF /* NSCharacterSet.swift */; };
		90173D801D3CCF5C0054B0AF /* SocketAckEmitter.swift in Sources */ = {isa = PBXBuildFile; fileRef = 90173D671D3CCF5C0054B0AF /* SocketAckEmitter.swift */; };
		90173D811D3CCF5C0054B0AF /* SocketAckManager.swift in Sources */ = {isa = PBXBuildFile; fileRef = 90173D681D3CCF5C0054B0AF /* SocketAckManager.swift */; };
		90173D821D3CCF5C0054B0AF /* SocketAnyEvent.swift in Sources */ = {isa = PBXBuildFile; fileRef = 90173D691D3CCF5C0054B0AF /* SocketAnyEvent.swift */; };
		90173D831D3CCF5C0054B0AF /* SocketClientManager.swift in Sources */ = {isa = PBXBuildFile; fileRef = 90173D6A1D3CCF5C0054B0AF /* SocketClientManager.swift */; };
		90173D841D3CCF5C0054B0AF /* SocketEngine.swift in Sources */ = {isa = PBXBuildFile; fileRef = 90173D6B1D3CCF5C0054B0AF /* SocketEngine.swift */; };
		90173D851D3CCF5C0054B0AF /* SocketEngineClient.swift in Sources */ = {isa = PBXBuildFile; fileRef = 90173D6C1D3CCF5C0054B0AF /* SocketEngineClient.swift */; };
		90173D861D3CCF5C0054B0AF /* SocketEnginePacketType.swift in Sources */ = {isa = PBXBuildFile; fileRef = 90173D6D1D3CCF5C0054B0AF /* SocketEnginePacketType.swift */; };
		90173D871D3CCF5C0054B0AF /* SocketEnginePollable.swift in Sources */ = {isa = PBXBuildFile; fileRef = 90173D6E1D3CCF5C0054B0AF /* SocketEnginePollable.swift */; };
		90173D881D3CCF5C0054B0AF /* SocketEngineSpec.swift in Sources */ = {isa = PBXBuildFile; fileRef = 90173D6F1D3CCF5C0054B0AF /* SocketEngineSpec.swift */; };
		90173D891D3CCF5C0054B0AF /* SocketEngineWebsocket.swift in Sources */ = {isa = PBXBuildFile; fileRef = 90173D701D3CCF5C0054B0AF /* SocketEngineWebsocket.swift */; };
		90173D8A1D3CCF5C0054B0AF /* SocketEventHandler.swift in Sources */ = {isa = PBXBuildFile; fileRef = 90173D711D3CCF5C0054B0AF /* SocketEventHandler.swift */; };
		90173D8B1D3CCF5C0054B0AF /* SocketIOClient.swift in Sources */ = {isa = PBXBuildFile; fileRef = 90173D721D3CCF5C0054B0AF /* SocketIOClient.swift */; };
		90173D8C1D3CCF5C0054B0AF /* SocketIOClientOption.swift in Sources */ = {isa = PBXBuildFile; fileRef = 90173D731D3CCF5C0054B0AF /* SocketIOClientOption.swift */; };
		90173D8D1D3CCF5C0054B0AF /* SocketIOClientSpec.swift in Sources */ = {isa = PBXBuildFile; fileRef = 90173D741D3CCF5C0054B0AF /* SocketIOClientSpec.swift */; };
		90173D8E1D3CCF5C0054B0AF /* SocketIOClientStatus.swift in Sources */ = {isa = PBXBuildFile; fileRef = 90173D751D3CCF5C0054B0AF /* SocketIOClientStatus.swift */; };
		90173D8F1D3CCF5C0054B0AF /* SocketLogger.swift in Sources */ = {isa = PBXBuildFile; fileRef = 90173D761D3CCF5C0054B0AF /* SocketLogger.swift */; };
		90173D901D3CCF5C0054B0AF /* SocketPacket.swift in Sources */ = {isa = PBXBuildFile; fileRef = 90173D771D3CCF5C0054B0AF /* SocketPacket.swift */; };
		90173D911D3CCF5C0054B0AF /* SocketParsable.swift in Sources */ = {isa = PBXBuildFile; fileRef = 90173D781D3CCF5C0054B0AF /* SocketParsable.swift */; };
		90173D921D3CCF5C0054B0AF /* SocketStringReader.swift in Sources */ = {isa = PBXBuildFile; fileRef = 90173D791D3CCF5C0054B0AF /* SocketStringReader.swift */; };
		90173D931D3CCF5C0054B0AF /* SocketTypes.swift in Sources */ = {isa = PBXBuildFile; fileRef = 90173D7A1D3CCF5C0054B0AF /* SocketTypes.swift */; };
		90173D941D3CCF5C0054B0AF /* String.swift in Sources */ = {isa = PBXBuildFile; fileRef = 90173D7B1D3CCF5C0054B0AF /* String.swift */; };
		90173D951D3CCF5C0054B0AF /* SSLSecurity.swift in Sources */ = {isa = PBXBuildFile; fileRef = 90173D7D1D3CCF5C0054B0AF /* SSLSecurity.swift */; };
		90173D961D3CCF5C0054B0AF /* WebSocket.swift in Sources */ = {isa = PBXBuildFile; fileRef = 90173D7E1D3CCF5C0054B0AF /* WebSocket.swift */; };
		9018BE621D3D21FB0048004A /* SocketIOManager.swift in Sources */ = {isa = PBXBuildFile; fileRef = 9018BE611D3D21FB0048004A /* SocketIOManager.swift */; };
		9018BE641D3D2FB30048004A /* SocketIOProtocol.swift in Sources */ = {isa = PBXBuildFile; fileRef = 9018BE631D3D2FB30048004A /* SocketIOProtocol.swift */; };
		9018BE671D3E03660048004A /* SignUpViewController.swift in Sources */ = {isa = PBXBuildFile; fileRef = 9018BE661D3E03660048004A /* SignUpViewController.swift */; };
		903DBF451D6F1014005E9434 /* ImageDetailViewController.swift in Sources */ = {isa = PBXBuildFile; fileRef = 903DBF441D6F1014005E9434 /* ImageDetailViewController.swift */; };
		903DBF471D6FCFF3005E9434 /* Global.swift in Sources */ = {isa = PBXBuildFile; fileRef = 903DBF461D6FCFF3005E9434 /* Global.swift */; };
		903DBF4A1D703569005E9434 /* NotificationViewController.swift in Sources */ = {isa = PBXBuildFile; fileRef = 903DBF491D703569005E9434 /* NotificationViewController.swift */; };
		904BACB31D3A50E800AB72A8 /* FriendTableViewController.swift in Sources */ = {isa = PBXBuildFile; fileRef = 904BACB21D3A50E800AB72A8 /* FriendTableViewController.swift */; };
		904BACB51D3A659600AB72A8 /* FriendTableViewCell.swift in Sources */ = {isa = PBXBuildFile; fileRef = 904BACB41D3A659600AB72A8 /* FriendTableViewCell.swift */; };
		905297D51D33508700575A8B /* AppDelegate.swift in Sources */ = {isa = PBXBuildFile; fileRef = 905297D41D33508700575A8B /* AppDelegate.swift */; };
		905297D71D33508700575A8B /* LoginViewController.swift in Sources */ = {isa = PBXBuildFile; fileRef = 905297D61D33508700575A8B /* LoginViewController.swift */; };
		905297DA1D33508700575A8B /* Main.storyboard in Resources */ = {isa = PBXBuildFile; fileRef = 905297D81D33508700575A8B /* Main.storyboard */; };
		905297DC1D33508700575A8B /* Assets.xcassets in Resources */ = {isa = PBXBuildFile; fileRef = 905297DB1D33508700575A8B /* Assets.xcassets */; };
		905297DF1D33508700575A8B /* LaunchScreen.storyboard in Resources */ = {isa = PBXBuildFile; fileRef = 905297DD1D33508700575A8B /* LaunchScreen.storyboard */; };
		905297F51D33508700575A8B /* OneDayUITests.swift in Sources */ = {isa = PBXBuildFile; fileRef = 905297F41D33508700575A8B /* OneDayUITests.swift */; };
		9059E2BE1D5C589500803ACC /* SearchTimelineViewController.swift in Sources */ = {isa = PBXBuildFile; fileRef = 9059E2BD1D5C589500803ACC /* SearchTimelineViewController.swift */; };
		9059E2C31D5FE04D00803ACC /* ProfileViewController.swift in Sources */ = {isa = PBXBuildFile; fileRef = 9059E2C21D5FE04D00803ACC /* ProfileViewController.swift */; };
		9059E2C51D6183FD00803ACC /* ProfileViewCell.swift in Sources */ = {isa = PBXBuildFile; fileRef = 9059E2C41D6183FD00803ACC /* ProfileViewCell.swift */; };
		9059E2C81D62ED9E00803ACC /* UpdateProfileViewController.swift in Sources */ = {isa = PBXBuildFile; fileRef = 9059E2C71D62ED9E00803ACC /* UpdateProfileViewController.swift */; };
		9059E2CA1D655B5400803ACC /* imageViewCell.swift in Sources */ = {isa = PBXBuildFile; fileRef = 9059E2C91D655B5400803ACC /* imageViewCell.swift */; };
		907DC17E1D7D0B4B0069BC36 /* LoginInteractor.swift in Sources */ = {isa = PBXBuildFile; fileRef = 907DC17D1D7D0B4B0069BC36 /* LoginInteractor.swift */; };
		907DC1801D7D0B560069BC36 /* LoginPresenter.swift in Sources */ = {isa = PBXBuildFile; fileRef = 907DC17F1D7D0B560069BC36 /* LoginPresenter.swift */; };
		907DC1891D7F08500069BC36 /* LoginPresenterTests.swift in Sources */ = {isa = PBXBuildFile; fileRef = 907DC1881D7F08500069BC36 /* LoginPresenterTests.swift */; };
		907DC18A1D7F0A7F0069BC36 /* LoginPresenter.swift in Sources */ = {isa = PBXBuildFile; fileRef = 907DC17F1D7D0B560069BC36 /* LoginPresenter.swift */; };
		907DC18B1D7F24300069BC36 /* LoginViewController.swift in Sources */ = {isa = PBXBuildFile; fileRef = 905297D61D33508700575A8B /* LoginViewController.swift */; };
		907DC18C1D7F24340069BC36 /* LoginInteractor.swift in Sources */ = {isa = PBXBuildFile; fileRef = 907DC17D1D7D0B4B0069BC36 /* LoginInteractor.swift */; };
		907DC18D1D7F24510069BC36 /* SocketIOManager.swift in Sources */ = {isa = PBXBuildFile; fileRef = 9018BE611D3D21FB0048004A /* SocketIOManager.swift */; };
		907DC18E1D7F24530069BC36 /* SocketIOProtocol.swift in Sources */ = {isa = PBXBuildFile; fileRef = 9018BE631D3D2FB30048004A /* SocketIOProtocol.swift */; };
		907DC18F1D7F24760069BC36 /* User.swift in Sources */ = {isa = PBXBuildFile; fileRef = 90173D481D3B78B40054B0AF /* User.swift */; };
		907DC1901D7F24760069BC36 /* Notice.swift in Sources */ = {isa = PBXBuildFile; fileRef = 90173D4A1D3B92550054B0AF /* Notice.swift */; };
		907DC1911D7F24760069BC36 /* Comment.swift in Sources */ = {isa = PBXBuildFile; fileRef = 90173D4C1D3CB9B90054B0AF /* Comment.swift */; };
		907DC1921D7F24870069BC36 /* UserDBManager.swift in Sources */ = {isa = PBXBuildFile; fileRef = 909E0B3F1D520C7400809F3C /* UserDBManager.swift */; };
		907DC1931D7F248D0069BC36 /* SocketIOClient.swift in Sources */ = {isa = PBXBuildFile; fileRef = 90173D721D3CCF5C0054B0AF /* SocketIOClient.swift */; };
		907DC1941D7F24A50069BC36 /* SocketEngineClient.swift in Sources */ = {isa = PBXBuildFile; fileRef = 90173D6C1D3CCF5C0054B0AF /* SocketEngineClient.swift */; };
		907DC1951D7F24AC0069BC36 /* SocketParsable.swift in Sources */ = {isa = PBXBuildFile; fileRef = 90173D781D3CCF5C0054B0AF /* SocketParsable.swift */; };
		907DC1961D7F24B40069BC36 /* SocketTypes.swift in Sources */ = {isa = PBXBuildFile; fileRef = 90173D7A1D3CCF5C0054B0AF /* SocketTypes.swift */; };
		907DC1971D7F24BA0069BC36 /* MainViewController.swift in Sources */ = {isa = PBXBuildFile; fileRef = 909E0B731D522EA000809F3C /* MainViewController.swift */; };
		907DC1981D7F24C60069BC36 /* Global.swift in Sources */ = {isa = PBXBuildFile; fileRef = 903DBF461D6FCFF3005E9434 /* Global.swift */; };
		907DC1991D7F25100069BC36 /* NSCharacterSet.swift in Sources */ = {isa = PBXBuildFile; fileRef = 90173D661D3CCF5C0054B0AF /* NSCharacterSet.swift */; };
		907DC19A1D7F25100069BC36 /* SocketAckEmitter.swift in Sources */ = {isa = PBXBuildFile; fileRef = 90173D671D3CCF5C0054B0AF /* SocketAckEmitter.swift */; };
		907DC19B1D7F25100069BC36 /* SocketAckManager.swift in Sources */ = {isa = PBXBuildFile; fileRef = 90173D681D3CCF5C0054B0AF /* SocketAckManager.swift */; };
		907DC19C1D7F25100069BC36 /* SocketAnyEvent.swift in Sources */ = {isa = PBXBuildFile; fileRef = 90173D691D3CCF5C0054B0AF /* SocketAnyEvent.swift */; };
		907DC19D1D7F25100069BC36 /* SocketClientManager.swift in Sources */ = {isa = PBXBuildFile; fileRef = 90173D6A1D3CCF5C0054B0AF /* SocketClientManager.swift */; };
		907DC19E1D7F25100069BC36 /* SocketEngine.swift in Sources */ = {isa = PBXBuildFile; fileRef = 90173D6B1D3CCF5C0054B0AF /* SocketEngine.swift */; };
		907DC19F1D7F25100069BC36 /* SocketEnginePacketType.swift in Sources */ = {isa = PBXBuildFile; fileRef = 90173D6D1D3CCF5C0054B0AF /* SocketEnginePacketType.swift */; };
		907DC1A01D7F25100069BC36 /* SocketEnginePollable.swift in Sources */ = {isa = PBXBuildFile; fileRef = 90173D6E1D3CCF5C0054B0AF /* SocketEnginePollable.swift */; };
		907DC1A11D7F25100069BC36 /* SocketEngineSpec.swift in Sources */ = {isa = PBXBuildFile; fileRef = 90173D6F1D3CCF5C0054B0AF /* SocketEngineSpec.swift */; };
		907DC1A21D7F25100069BC36 /* SocketEngineWebsocket.swift in Sources */ = {isa = PBXBuildFile; fileRef = 90173D701D3CCF5C0054B0AF /* SocketEngineWebsocket.swift */; };
		907DC1A31D7F25100069BC36 /* SocketEventHandler.swift in Sources */ = {isa = PBXBuildFile; fileRef = 90173D711D3CCF5C0054B0AF /* SocketEventHandler.swift */; };
		907DC1A41D7F25100069BC36 /* SocketIOClientOption.swift in Sources */ = {isa = PBXBuildFile; fileRef = 90173D731D3CCF5C0054B0AF /* SocketIOClientOption.swift */; };
		907DC1A51D7F25100069BC36 /* SocketIOClientSpec.swift in Sources */ = {isa = PBXBuildFile; fileRef = 90173D741D3CCF5C0054B0AF /* SocketIOClientSpec.swift */; };
		907DC1A61D7F25100069BC36 /* SocketIOClientStatus.swift in Sources */ = {isa = PBXBuildFile; fileRef = 90173D751D3CCF5C0054B0AF /* SocketIOClientStatus.swift */; };
		907DC1A71D7F25100069BC36 /* SocketLogger.swift in Sources */ = {isa = PBXBuildFile; fileRef = 90173D761D3CCF5C0054B0AF /* SocketLogger.swift */; };
		907DC1A81D7F25100069BC36 /* SocketPacket.swift in Sources */ = {isa = PBXBuildFile; fileRef = 90173D771D3CCF5C0054B0AF /* SocketPacket.swift */; };
		907DC1A91D7F25100069BC36 /* SocketStringReader.swift in Sources */ = {isa = PBXBuildFile; fileRef = 90173D791D3CCF5C0054B0AF /* SocketStringReader.swift */; };
		907DC1AA1D7F25100069BC36 /* String.swift in Sources */ = {isa = PBXBuildFile; fileRef = 90173D7B1D3CCF5C0054B0AF /* String.swift */; };
		907DC1AB1D7F25170069BC36 /* SSLSecurity.swift in Sources */ = {isa = PBXBuildFile; fileRef = 90173D7D1D3CCF5C0054B0AF /* SSLSecurity.swift */; };
		907DC1AC1D7F25170069BC36 /* WebSocket.swift in Sources */ = {isa = PBXBuildFile; fileRef = 90173D7E1D3CCF5C0054B0AF /* WebSocket.swift */; };
		907DC1AD1D7F25460069BC36 /* ImageDetailViewController.swift in Sources */ = {isa = PBXBuildFile; fileRef = 903DBF441D6F1014005E9434 /* ImageDetailViewController.swift */; };
		907DC1AE1D7F254F0069BC36 /* FriendTableViewController.swift in Sources */ = {isa = PBXBuildFile; fileRef = 904BACB21D3A50E800AB72A8 /* FriendTableViewController.swift */; };
		907DC1AF1D7F254F0069BC36 /* FriendTableViewCell.swift in Sources */ = {isa = PBXBuildFile; fileRef = 904BACB41D3A659600AB72A8 /* FriendTableViewCell.swift */; };
		907DC1B01D7F25520069BC36 /* SignUpViewController.swift in Sources */ = {isa = PBXBuildFile; fileRef = 9018BE661D3E03660048004A /* SignUpViewController.swift */; };
		907DC1B11D7F25670069BC36 /* DBManager.swift in Sources */ = {isa = PBXBuildFile; fileRef = 909E0B3C1D52023A00809F3C /* DBManager.swift */; };
		907DC1B21D7F256A0069BC36 /* TimelineViewController.swift in Sources */ = {isa = PBXBuildFile; fileRef = 909E0B7A1D5231D400809F3C /* TimelineViewController.swift */; };
		907DC1B31D7F256A0069BC36 /* TimelinePresenter.swift in Sources */ = {isa = PBXBuildFile; fileRef = 909E0B7E1D523CD200809F3C /* TimelinePresenter.swift */; };
		907DC1B41D7F256A0069BC36 /* TimelineCell.swift in Sources */ = {isa = PBXBuildFile; fileRef = 909E0B841D52431B00809F3C /* TimelineCell.swift */; };
		907DC1B51D7F256A0069BC36 /* TimelineImageCell.swift in Sources */ = {isa = PBXBuildFile; fileRef = 900BA5E21D6EE6CD007589CD /* TimelineImageCell.swift */; };
		907DC1B61D7F256E0069BC36 /* InsertTimelineViewController.swift in Sources */ = {isa = PBXBuildFile; fileRef = 909E0B871D5300EE00809F3C /* InsertTimelineViewController.swift */; };
		907DC1B71D7F256E0069BC36 /* imageViewCell.swift in Sources */ = {isa = PBXBuildFile; fileRef = 9059E2C91D655B5400803ACC /* imageViewCell.swift */; };
		907DC1B81D7F25700069BC36 /* CommentViewController.swift in Sources */ = {isa = PBXBuildFile; fileRef = 90B2F7141D5894C700E9CD66 /* CommentViewController.swift */; };
		907DC1B91D7F25700069BC36 /* CommentCell.swift in Sources */ = {isa = PBXBuildFile; fileRef = 90B2F7161D5894D600E9CD66 /* CommentCell.swift */; };
		907DC1BA1D7F25730069BC36 /* SearchTimelineViewController.swift in Sources */ = {isa = PBXBuildFile; fileRef = 9059E2BD1D5C589500803ACC /* SearchTimelineViewController.swift */; };
		907DC1BB1D7F25760069BC36 /* ProfileViewController.swift in Sources */ = {isa = PBXBuildFile; fileRef = 9059E2C21D5FE04D00803ACC /* ProfileViewController.swift */; };
		907DC1BC1D7F25760069BC36 /* ProfileViewCell.swift in Sources */ = {isa = PBXBuildFile; fileRef = 9059E2C41D6183FD00803ACC /* ProfileViewCell.swift */; };
		907DC1BD1D7F25780069BC36 /* UpdateProfileViewController.swift in Sources */ = {isa = PBXBuildFile; fileRef = 9059E2C71D62ED9E00803ACC /* UpdateProfileViewController.swift */; };
		907DC1BE1D7F257B0069BC36 /* NotificationViewController.swift in Sources */ = {isa = PBXBuildFile; fileRef = 903DBF491D703569005E9434 /* NotificationViewController.swift */; };
		907DC1C11D7F3E480069BC36 /* SignUpInteractor.swift in Sources */ = {isa = PBXBuildFile; fileRef = 907DC1C01D7F3E480069BC36 /* SignUpInteractor.swift */; };
		907DC1C31D7F3E500069BC36 /* SignUpPresenter.swift in Sources */ = {isa = PBXBuildFile; fileRef = 907DC1C21D7F3E500069BC36 /* SignUpPresenter.swift */; };
		909E0B3D1D52023A00809F3C /* DBManager.swift in Sources */ = {isa = PBXBuildFile; fileRef = 909E0B3C1D52023A00809F3C /* DBManager.swift */; };
		909E0B401D520C7400809F3C /* UserDBManager.swift in Sources */ = {isa = PBXBuildFile; fileRef = 909E0B3F1D520C7400809F3C /* UserDBManager.swift */; };
		909E0B681D52111E00809F3C /* FMDatabase.m in Sources */ = {isa = PBXBuildFile; fileRef = 909E0B5E1D52111E00809F3C /* FMDatabase.m */; };
		909E0B691D52111E00809F3C /* FMDatabaseAdditions.m in Sources */ = {isa = PBXBuildFile; fileRef = 909E0B601D52111E00809F3C /* FMDatabaseAdditions.m */; };
		909E0B6A1D52111E00809F3C /* FMDatabasePool.m in Sources */ = {isa = PBXBuildFile; fileRef = 909E0B621D52111E00809F3C /* FMDatabasePool.m */; };
		909E0B6B1D52111E00809F3C /* FMDatabaseQueue.m in Sources */ = {isa = PBXBuildFile; fileRef = 909E0B641D52111E00809F3C /* FMDatabaseQueue.m */; };
		909E0B6C1D52111E00809F3C /* FMResultSet.m in Sources */ = {isa = PBXBuildFile; fileRef = 909E0B671D52111E00809F3C /* FMResultSet.m */; };
		909E0B741D522EA000809F3C /* MainViewController.swift in Sources */ = {isa = PBXBuildFile; fileRef = 909E0B731D522EA000809F3C /* MainViewController.swift */; };
		909E0B7B1D5231D400809F3C /* TimelineViewController.swift in Sources */ = {isa = PBXBuildFile; fileRef = 909E0B7A1D5231D400809F3C /* TimelineViewController.swift */; };
		909E0B7F1D523CD200809F3C /* TimelinePresenter.swift in Sources */ = {isa = PBXBuildFile; fileRef = 909E0B7E1D523CD200809F3C /* TimelinePresenter.swift */; };
		909E0B851D52431B00809F3C /* TimelineCell.swift in Sources */ = {isa = PBXBuildFile; fileRef = 909E0B841D52431B00809F3C /* TimelineCell.swift */; };
		909E0B881D5300EE00809F3C /* InsertTimelineViewController.swift in Sources */ = {isa = PBXBuildFile; fileRef = 909E0B871D5300EE00809F3C /* InsertTimelineViewController.swift */; };
		90B2F7151D5894C700E9CD66 /* CommentViewController.swift in Sources */ = {isa = PBXBuildFile; fileRef = 90B2F7141D5894C700E9CD66 /* CommentViewController.swift */; };
		90B2F7171D5894D600E9CD66 /* CommentCell.swift in Sources */ = {isa = PBXBuildFile; fileRef = 90B2F7161D5894D600E9CD66 /* CommentCell.swift */; };
		A03C02FFB231A017ACAF3F55 /* Pods_OneDay_OneDayTests.framework in Frameworks */ = {isa = PBXBuildFile; fileRef = 43C4F66B1094765678AEA6C7 /* Pods_OneDay_OneDayTests.framework */; };
/* End PBXBuildFile section */

/* Begin PBXContainerItemProxy section */
		905297E61D33508700575A8B /* PBXContainerItemProxy */ = {
			isa = PBXContainerItemProxy;
			containerPortal = 905297C91D33508700575A8B /* Project object */;
			proxyType = 1;
			remoteGlobalIDString = 905297D01D33508700575A8B;
			remoteInfo = OneDay;
		};
		905297F11D33508700575A8B /* PBXContainerItemProxy */ = {
			isa = PBXContainerItemProxy;
			containerPortal = 905297C91D33508700575A8B /* Project object */;
			proxyType = 1;
			remoteGlobalIDString = 905297D01D33508700575A8B;
			remoteInfo = OneDay;
		};
/* End PBXContainerItemProxy section */

/* Begin PBXFileReference section */
		07DD66C763993448F3288035 /* Pods-OneDay-OneDayUITests.release.xcconfig */ = {isa = PBXFileReference; includeInIndex = 1; lastKnownFileType = text.xcconfig; name = "Pods-OneDay-OneDayUITests.release.xcconfig"; path = "Pods/Target Support Files/Pods-OneDay-OneDayUITests/Pods-OneDay-OneDayUITests.release.xcconfig"; sourceTree = "<group>"; };
		1B5976A7BBAED5414FADFA19 /* Pods_OneDayUITests.framework */ = {isa = PBXFileReference; explicitFileType = wrapper.framework; includeInIndex = 0; path = Pods_OneDayUITests.framework; sourceTree = BUILT_PRODUCTS_DIR; };
		22A16E1806383853686540A7 /* Pods-OneDay-OneDayTests.release.xcconfig */ = {isa = PBXFileReference; includeInIndex = 1; lastKnownFileType = text.xcconfig; name = "Pods-OneDay-OneDayTests.release.xcconfig"; path = "Pods/Target Support Files/Pods-OneDay-OneDayTests/Pods-OneDay-OneDayTests.release.xcconfig"; sourceTree = "<group>"; };
		43C4F66B1094765678AEA6C7 /* Pods_OneDay_OneDayTests.framework */ = {isa = PBXFileReference; explicitFileType = wrapper.framework; includeInIndex = 0; path = Pods_OneDay_OneDayTests.framework; sourceTree = BUILT_PRODUCTS_DIR; };
		4D03251AACA71136631E9821 /* Pods_OneDay_OneDayUITests.framework */ = {isa = PBXFileReference; explicitFileType = wrapper.framework; includeInIndex = 0; path = Pods_OneDay_OneDayUITests.framework; sourceTree = BUILT_PRODUCTS_DIR; };
		5A409BDEF46E5262F366B1E4 /* Pods-OneDay.debug.xcconfig */ = {isa = PBXFileReference; includeInIndex = 1; lastKnownFileType = text.xcconfig; name = "Pods-OneDay.debug.xcconfig"; path = "Pods/Target Support Files/Pods-OneDay/Pods-OneDay.debug.xcconfig"; sourceTree = "<group>"; };
		639807AE8FE842DA5B3D6C74 /* Pods-OneDay.release.xcconfig */ = {isa = PBXFileReference; includeInIndex = 1; lastKnownFileType = text.xcconfig; name = "Pods-OneDay.release.xcconfig"; path = "Pods/Target Support Files/Pods-OneDay/Pods-OneDay.release.xcconfig"; sourceTree = "<group>"; };
		642133FC759890A4F447A8E7 /* Pods_OneDayTests.framework */ = {isa = PBXFileReference; explicitFileType = wrapper.framework; includeInIndex = 0; path = Pods_OneDayTests.framework; sourceTree = BUILT_PRODUCTS_DIR; };
		8329284A5D1B900FF32674E6 /* Pods_OneDay.framework */ = {isa = PBXFileReference; explicitFileType = wrapper.framework; includeInIndex = 0; path = Pods_OneDay.framework; sourceTree = BUILT_PRODUCTS_DIR; };
		900BA5D11D6DCD87007589CD /* SwiftHTTP.framework */ = {isa = PBXFileReference; lastKnownFileType = wrapper.framework; name = SwiftHTTP.framework; path = "../../Library/Developer/Xcode/DerivedData/OneDay-aahhygocqqosvudygwyxegoageul/Build/Products/Debug-iphonesimulator/SwiftHTTP/SwiftHTTP.framework"; sourceTree = "<group>"; };
		900BA5E21D6EE6CD007589CD /* TimelineImageCell.swift */ = {isa = PBXFileReference; fileEncoding = 4; lastKnownFileType = sourcecode.swift; path = TimelineImageCell.swift; sourceTree = "<group>"; };
		900BA5E41D6EE8E8007589CD /* Kingfisher.framework */ = {isa = PBXFileReference; lastKnownFileType = wrapper.framework; name = Kingfisher.framework; path = "../../Library/Developer/Xcode/DerivedData/OneDay-aahhygocqqosvudygwyxegoageul/Build/Products/Debug-iphoneos/Kingfisher/Kingfisher.framework"; sourceTree = "<group>"; };
		90173D481D3B78B40054B0AF /* User.swift */ = {isa = PBXFileReference; fileEncoding = 4; lastKnownFileType = sourcecode.swift; path = User.swift; sourceTree = "<group>"; };
		90173D4A1D3B92550054B0AF /* Notice.swift */ = {isa = PBXFileReference; fileEncoding = 4; lastKnownFileType = sourcecode.swift; path = Notice.swift; sourceTree = "<group>"; };
		90173D4C1D3CB9B90054B0AF /* Comment.swift */ = {isa = PBXFileReference; fileEncoding = 4; lastKnownFileType = sourcecode.swift; path = Comment.swift; sourceTree = "<group>"; };
		90173D661D3CCF5C0054B0AF /* NSCharacterSet.swift */ = {isa = PBXFileReference; fileEncoding = 4; lastKnownFileType = sourcecode.swift; path = NSCharacterSet.swift; sourceTree = "<group>"; };
		90173D671D3CCF5C0054B0AF /* SocketAckEmitter.swift */ = {isa = PBXFileReference; fileEncoding = 4; lastKnownFileType = sourcecode.swift; path = SocketAckEmitter.swift; sourceTree = "<group>"; };
		90173D681D3CCF5C0054B0AF /* SocketAckManager.swift */ = {isa = PBXFileReference; fileEncoding = 4; lastKnownFileType = sourcecode.swift; path = SocketAckManager.swift; sourceTree = "<group>"; };
		90173D691D3CCF5C0054B0AF /* SocketAnyEvent.swift */ = {isa = PBXFileReference; fileEncoding = 4; lastKnownFileType = sourcecode.swift; path = SocketAnyEvent.swift; sourceTree = "<group>"; };
		90173D6A1D3CCF5C0054B0AF /* SocketClientManager.swift */ = {isa = PBXFileReference; fileEncoding = 4; lastKnownFileType = sourcecode.swift; path = SocketClientManager.swift; sourceTree = "<group>"; };
		90173D6B1D3CCF5C0054B0AF /* SocketEngine.swift */ = {isa = PBXFileReference; fileEncoding = 4; lastKnownFileType = sourcecode.swift; path = SocketEngine.swift; sourceTree = "<group>"; };
		90173D6C1D3CCF5C0054B0AF /* SocketEngineClient.swift */ = {isa = PBXFileReference; fileEncoding = 4; lastKnownFileType = sourcecode.swift; path = SocketEngineClient.swift; sourceTree = "<group>"; };
		90173D6D1D3CCF5C0054B0AF /* SocketEnginePacketType.swift */ = {isa = PBXFileReference; fileEncoding = 4; lastKnownFileType = sourcecode.swift; path = SocketEnginePacketType.swift; sourceTree = "<group>"; };
		90173D6E1D3CCF5C0054B0AF /* SocketEnginePollable.swift */ = {isa = PBXFileReference; fileEncoding = 4; lastKnownFileType = sourcecode.swift; path = SocketEnginePollable.swift; sourceTree = "<group>"; };
		90173D6F1D3CCF5C0054B0AF /* SocketEngineSpec.swift */ = {isa = PBXFileReference; fileEncoding = 4; lastKnownFileType = sourcecode.swift; path = SocketEngineSpec.swift; sourceTree = "<group>"; };
		90173D701D3CCF5C0054B0AF /* SocketEngineWebsocket.swift */ = {isa = PBXFileReference; fileEncoding = 4; lastKnownFileType = sourcecode.swift; path = SocketEngineWebsocket.swift; sourceTree = "<group>"; };
		90173D711D3CCF5C0054B0AF /* SocketEventHandler.swift */ = {isa = PBXFileReference; fileEncoding = 4; lastKnownFileType = sourcecode.swift; path = SocketEventHandler.swift; sourceTree = "<group>"; };
		90173D721D3CCF5C0054B0AF /* SocketIOClient.swift */ = {isa = PBXFileReference; fileEncoding = 4; lastKnownFileType = sourcecode.swift; path = SocketIOClient.swift; sourceTree = "<group>"; };
		90173D731D3CCF5C0054B0AF /* SocketIOClientOption.swift */ = {isa = PBXFileReference; fileEncoding = 4; lastKnownFileType = sourcecode.swift; path = SocketIOClientOption.swift; sourceTree = "<group>"; };
		90173D741D3CCF5C0054B0AF /* SocketIOClientSpec.swift */ = {isa = PBXFileReference; fileEncoding = 4; lastKnownFileType = sourcecode.swift; path = SocketIOClientSpec.swift; sourceTree = "<group>"; };
		90173D751D3CCF5C0054B0AF /* SocketIOClientStatus.swift */ = {isa = PBXFileReference; fileEncoding = 4; lastKnownFileType = sourcecode.swift; path = SocketIOClientStatus.swift; sourceTree = "<group>"; };
		90173D761D3CCF5C0054B0AF /* SocketLogger.swift */ = {isa = PBXFileReference; fileEncoding = 4; lastKnownFileType = sourcecode.swift; path = SocketLogger.swift; sourceTree = "<group>"; };
		90173D771D3CCF5C0054B0AF /* SocketPacket.swift */ = {isa = PBXFileReference; fileEncoding = 4; lastKnownFileType = sourcecode.swift; path = SocketPacket.swift; sourceTree = "<group>"; };
		90173D781D3CCF5C0054B0AF /* SocketParsable.swift */ = {isa = PBXFileReference; fileEncoding = 4; lastKnownFileType = sourcecode.swift; path = SocketParsable.swift; sourceTree = "<group>"; };
		90173D791D3CCF5C0054B0AF /* SocketStringReader.swift */ = {isa = PBXFileReference; fileEncoding = 4; lastKnownFileType = sourcecode.swift; path = SocketStringReader.swift; sourceTree = "<group>"; };
		90173D7A1D3CCF5C0054B0AF /* SocketTypes.swift */ = {isa = PBXFileReference; fileEncoding = 4; lastKnownFileType = sourcecode.swift; path = SocketTypes.swift; sourceTree = "<group>"; };
		90173D7B1D3CCF5C0054B0AF /* String.swift */ = {isa = PBXFileReference; fileEncoding = 4; lastKnownFileType = sourcecode.swift; path = String.swift; sourceTree = "<group>"; };
		90173D7D1D3CCF5C0054B0AF /* SSLSecurity.swift */ = {isa = PBXFileReference; fileEncoding = 4; lastKnownFileType = sourcecode.swift; path = SSLSecurity.swift; sourceTree = "<group>"; };
		90173D7E1D3CCF5C0054B0AF /* WebSocket.swift */ = {isa = PBXFileReference; fileEncoding = 4; lastKnownFileType = sourcecode.swift; path = WebSocket.swift; sourceTree = "<group>"; };
		9018BE611D3D21FB0048004A /* SocketIOManager.swift */ = {isa = PBXFileReference; fileEncoding = 4; lastKnownFileType = sourcecode.swift; path = SocketIOManager.swift; sourceTree = "<group>"; };
		9018BE631D3D2FB30048004A /* SocketIOProtocol.swift */ = {isa = PBXFileReference; fileEncoding = 4; lastKnownFileType = sourcecode.swift; path = SocketIOProtocol.swift; sourceTree = "<group>"; };
		9018BE661D3E03660048004A /* SignUpViewController.swift */ = {isa = PBXFileReference; fileEncoding = 4; lastKnownFileType = sourcecode.swift; path = SignUpViewController.swift; sourceTree = "<group>"; };
		903DBF441D6F1014005E9434 /* ImageDetailViewController.swift */ = {isa = PBXFileReference; fileEncoding = 4; lastKnownFileType = sourcecode.swift; path = ImageDetailViewController.swift; sourceTree = "<group>"; };
		903DBF461D6FCFF3005E9434 /* Global.swift */ = {isa = PBXFileReference; fileEncoding = 4; lastKnownFileType = sourcecode.swift; path = Global.swift; sourceTree = "<group>"; };
		903DBF491D703569005E9434 /* NotificationViewController.swift */ = {isa = PBXFileReference; fileEncoding = 4; lastKnownFileType = sourcecode.swift; path = NotificationViewController.swift; sourceTree = "<group>"; };
		904BACB21D3A50E800AB72A8 /* FriendTableViewController.swift */ = {isa = PBXFileReference; fileEncoding = 4; lastKnownFileType = sourcecode.swift; path = FriendTableViewController.swift; sourceTree = "<group>"; };
		904BACB41D3A659600AB72A8 /* FriendTableViewCell.swift */ = {isa = PBXFileReference; fileEncoding = 4; lastKnownFileType = sourcecode.swift; path = FriendTableViewCell.swift; sourceTree = "<group>"; };
		905297D11D33508700575A8B /* OneDay.app */ = {isa = PBXFileReference; explicitFileType = wrapper.application; includeInIndex = 0; path = OneDay.app; sourceTree = BUILT_PRODUCTS_DIR; };
		905297D41D33508700575A8B /* AppDelegate.swift */ = {isa = PBXFileReference; lastKnownFileType = sourcecode.swift; path = AppDelegate.swift; sourceTree = "<group>"; };
		905297D61D33508700575A8B /* LoginViewController.swift */ = {isa = PBXFileReference; lastKnownFileType = sourcecode.swift; path = LoginViewController.swift; sourceTree = "<group>"; };
		905297D91D33508700575A8B /* Base */ = {isa = PBXFileReference; lastKnownFileType = file.storyboard; name = Base; path = Base.lproj/Main.storyboard; sourceTree = "<group>"; };
		905297DB1D33508700575A8B /* Assets.xcassets */ = {isa = PBXFileReference; lastKnownFileType = folder.assetcatalog; path = Assets.xcassets; sourceTree = "<group>"; };
		905297DE1D33508700575A8B /* Base */ = {isa = PBXFileReference; lastKnownFileType = file.storyboard; name = Base; path = Base.lproj/LaunchScreen.storyboard; sourceTree = "<group>"; };
		905297E01D33508700575A8B /* Info.plist */ = {isa = PBXFileReference; lastKnownFileType = text.plist.xml; path = Info.plist; sourceTree = "<group>"; };
		905297E51D33508700575A8B /* OneDayTests.xctest */ = {isa = PBXFileReference; explicitFileType = wrapper.cfbundle; includeInIndex = 0; path = OneDayTests.xctest; sourceTree = BUILT_PRODUCTS_DIR; };
		905297EB1D33508700575A8B /* Info.plist */ = {isa = PBXFileReference; lastKnownFileType = text.plist.xml; path = Info.plist; sourceTree = "<group>"; };
		905297F01D33508700575A8B /* OneDayUITests.xctest */ = {isa = PBXFileReference; explicitFileType = wrapper.cfbundle; includeInIndex = 0; path = OneDayUITests.xctest; sourceTree = BUILT_PRODUCTS_DIR; };
		905297F41D33508700575A8B /* OneDayUITests.swift */ = {isa = PBXFileReference; lastKnownFileType = sourcecode.swift; path = OneDayUITests.swift; sourceTree = "<group>"; };
		905297F61D33508700575A8B /* Info.plist */ = {isa = PBXFileReference; lastKnownFileType = text.plist.xml; path = Info.plist; sourceTree = "<group>"; };
		9059E2BD1D5C589500803ACC /* SearchTimelineViewController.swift */ = {isa = PBXFileReference; fileEncoding = 4; lastKnownFileType = sourcecode.swift; path = SearchTimelineViewController.swift; sourceTree = "<group>"; };
		9059E2C21D5FE04D00803ACC /* ProfileViewController.swift */ = {isa = PBXFileReference; fileEncoding = 4; lastKnownFileType = sourcecode.swift; path = ProfileViewController.swift; sourceTree = "<group>"; };
		9059E2C41D6183FD00803ACC /* ProfileViewCell.swift */ = {isa = PBXFileReference; fileEncoding = 4; lastKnownFileType = sourcecode.swift; path = ProfileViewCell.swift; sourceTree = "<group>"; };
		9059E2C71D62ED9E00803ACC /* UpdateProfileViewController.swift */ = {isa = PBXFileReference; fileEncoding = 4; lastKnownFileType = sourcecode.swift; path = UpdateProfileViewController.swift; sourceTree = "<group>"; };
		9059E2C91D655B5400803ACC /* imageViewCell.swift */ = {isa = PBXFileReference; fileEncoding = 4; lastKnownFileType = sourcecode.swift; path = imageViewCell.swift; sourceTree = "<group>"; };
		9059E2E41D6AFBDE00803ACC /* Alamofire.framework */ = {isa = PBXFileReference; lastKnownFileType = wrapper.framework; name = Alamofire.framework; path = "Alamofire/build/Debug-iphoneos/Alamofire.framework"; sourceTree = "<group>"; };
		907DC17D1D7D0B4B0069BC36 /* LoginInteractor.swift */ = {isa = PBXFileReference; fileEncoding = 4; lastKnownFileType = sourcecode.swift; path = LoginInteractor.swift; sourceTree = "<group>"; };
		907DC17F1D7D0B560069BC36 /* LoginPresenter.swift */ = {isa = PBXFileReference; fileEncoding = 4; lastKnownFileType = sourcecode.swift; path = LoginPresenter.swift; sourceTree = "<group>"; };
		907DC1881D7F08500069BC36 /* LoginPresenterTests.swift */ = {isa = PBXFileReference; fileEncoding = 4; lastKnownFileType = sourcecode.swift; path = LoginPresenterTests.swift; sourceTree = "<group>"; };
		907DC1C01D7F3E480069BC36 /* SignUpInteractor.swift */ = {isa = PBXFileReference; fileEncoding = 4; lastKnownFileType = sourcecode.swift; path = SignUpInteractor.swift; sourceTree = "<group>"; };
		907DC1C21D7F3E500069BC36 /* SignUpPresenter.swift */ = {isa = PBXFileReference; fileEncoding = 4; lastKnownFileType = sourcecode.swift; path = SignUpPresenter.swift; sourceTree = "<group>"; };
		909E0B2B1D51F9FD00809F3C /* OneDay-Bridging-Header.h */ = {isa = PBXFileReference; lastKnownFileType = sourcecode.c.h; path = "OneDay-Bridging-Header.h"; sourceTree = "<group>"; };
		909E0B3C1D52023A00809F3C /* DBManager.swift */ = {isa = PBXFileReference; fileEncoding = 4; lastKnownFileType = sourcecode.swift; path = DBManager.swift; sourceTree = "<group>"; };
		909E0B3F1D520C7400809F3C /* UserDBManager.swift */ = {isa = PBXFileReference; fileEncoding = 4; lastKnownFileType = sourcecode.swift; path = UserDBManager.swift; sourceTree = "<group>"; };
		909E0B5D1D52111E00809F3C /* FMDatabase.h */ = {isa = PBXFileReference; fileEncoding = 4; lastKnownFileType = sourcecode.c.h; name = FMDatabase.h; path = fmdb/FMDatabase.h; sourceTree = SOURCE_ROOT; };
		909E0B5E1D52111E00809F3C /* FMDatabase.m */ = {isa = PBXFileReference; fileEncoding = 4; lastKnownFileType = sourcecode.c.objc; name = FMDatabase.m; path = fmdb/FMDatabase.m; sourceTree = SOURCE_ROOT; };
		909E0B5F1D52111E00809F3C /* FMDatabaseAdditions.h */ = {isa = PBXFileReference; fileEncoding = 4; lastKnownFileType = sourcecode.c.h; name = FMDatabaseAdditions.h; path = fmdb/FMDatabaseAdditions.h; sourceTree = SOURCE_ROOT; };
		909E0B601D52111E00809F3C /* FMDatabaseAdditions.m */ = {isa = PBXFileReference; fileEncoding = 4; lastKnownFileType = sourcecode.c.objc; name = FMDatabaseAdditions.m; path = fmdb/FMDatabaseAdditions.m; sourceTree = SOURCE_ROOT; };
		909E0B611D52111E00809F3C /* FMDatabasePool.h */ = {isa = PBXFileReference; fileEncoding = 4; lastKnownFileType = sourcecode.c.h; name = FMDatabasePool.h; path = fmdb/FMDatabasePool.h; sourceTree = SOURCE_ROOT; };
		909E0B621D52111E00809F3C /* FMDatabasePool.m */ = {isa = PBXFileReference; fileEncoding = 4; lastKnownFileType = sourcecode.c.objc; name = FMDatabasePool.m; path = fmdb/FMDatabasePool.m; sourceTree = SOURCE_ROOT; };
		909E0B631D52111E00809F3C /* FMDatabaseQueue.h */ = {isa = PBXFileReference; fileEncoding = 4; lastKnownFileType = sourcecode.c.h; name = FMDatabaseQueue.h; path = fmdb/FMDatabaseQueue.h; sourceTree = SOURCE_ROOT; };
		909E0B641D52111E00809F3C /* FMDatabaseQueue.m */ = {isa = PBXFileReference; fileEncoding = 4; lastKnownFileType = sourcecode.c.objc; name = FMDatabaseQueue.m; path = fmdb/FMDatabaseQueue.m; sourceTree = SOURCE_ROOT; };
		909E0B651D52111E00809F3C /* FMDB.h */ = {isa = PBXFileReference; fileEncoding = 4; lastKnownFileType = sourcecode.c.h; name = FMDB.h; path = fmdb/FMDB.h; sourceTree = SOURCE_ROOT; };
		909E0B661D52111E00809F3C /* FMResultSet.h */ = {isa = PBXFileReference; fileEncoding = 4; lastKnownFileType = sourcecode.c.h; name = FMResultSet.h; path = fmdb/FMResultSet.h; sourceTree = SOURCE_ROOT; };
		909E0B671D52111E00809F3C /* FMResultSet.m */ = {isa = PBXFileReference; fileEncoding = 4; lastKnownFileType = sourcecode.c.objc; name = FMResultSet.m; path = fmdb/FMResultSet.m; sourceTree = SOURCE_ROOT; };
		909E0B6D1D5212C000809F3C /* libsqlite3.tbd */ = {isa = PBXFileReference; lastKnownFileType = "sourcecode.text-based-dylib-definition"; name = libsqlite3.tbd; path = usr/lib/libsqlite3.tbd; sourceTree = SDKROOT; };
		909E0B731D522EA000809F3C /* MainViewController.swift */ = {isa = PBXFileReference; fileEncoding = 4; lastKnownFileType = sourcecode.swift; path = MainViewController.swift; sourceTree = "<group>"; };
		909E0B7A1D5231D400809F3C /* TimelineViewController.swift */ = {isa = PBXFileReference; fileEncoding = 4; lastKnownFileType = sourcecode.swift; path = TimelineViewController.swift; sourceTree = "<group>"; };
		909E0B7E1D523CD200809F3C /* TimelinePresenter.swift */ = {isa = PBXFileReference; fileEncoding = 4; lastKnownFileType = sourcecode.swift; path = TimelinePresenter.swift; sourceTree = "<group>"; };
		909E0B841D52431B00809F3C /* TimelineCell.swift */ = {isa = PBXFileReference; fileEncoding = 4; lastKnownFileType = sourcecode.swift; path = TimelineCell.swift; sourceTree = "<group>"; };
		909E0B871D5300EE00809F3C /* InsertTimelineViewController.swift */ = {isa = PBXFileReference; fileEncoding = 4; lastKnownFileType = sourcecode.swift; path = InsertTimelineViewController.swift; sourceTree = "<group>"; };
		90B2F7141D5894C700E9CD66 /* CommentViewController.swift */ = {isa = PBXFileReference; fileEncoding = 4; lastKnownFileType = sourcecode.swift; path = CommentViewController.swift; sourceTree = "<group>"; };
		90B2F7161D5894D600E9CD66 /* CommentCell.swift */ = {isa = PBXFileReference; fileEncoding = 4; lastKnownFileType = sourcecode.swift; path = CommentCell.swift; sourceTree = "<group>"; };
		C7B97FED8D50ED30D4371F54 /* Pods-OneDay-OneDayTests.debug.xcconfig */ = {isa = PBXFileReference; includeInIndex = 1; lastKnownFileType = text.xcconfig; name = "Pods-OneDay-OneDayTests.debug.xcconfig"; path = "Pods/Target Support Files/Pods-OneDay-OneDayTests/Pods-OneDay-OneDayTests.debug.xcconfig"; sourceTree = "<group>"; };
		EE98E2F766728DFA11341334 /* Pods-OneDay-OneDayUITests.debug.xcconfig */ = {isa = PBXFileReference; includeInIndex = 1; lastKnownFileType = text.xcconfig; name = "Pods-OneDay-OneDayUITests.debug.xcconfig"; path = "Pods/Target Support Files/Pods-OneDay-OneDayUITests/Pods-OneDay-OneDayUITests.debug.xcconfig"; sourceTree = "<group>"; };
/* End PBXFileReference section */

/* Begin PBXFrameworksBuildPhase section */
		905297CE1D33508700575A8B /* Frameworks */ = {
			isa = PBXFrameworksBuildPhase;
			buildActionMask = 2147483647;
			files = (
				900BA5E51D6EE8E8007589CD /* Kingfisher.framework in Frameworks */,
				900BA5E11D6DD784007589CD /* libsqlite3.tbd in Frameworks */,
				900BA5E01D6DD6F9007589CD /* SwiftHTTP.framework in Frameworks */,
				0152A0479997C20420F8FCB0 /* Pods_OneDay.framework in Frameworks */,
			);
			runOnlyForDeploymentPostprocessing = 0;
		};
		905297E21D33508700575A8B /* Frameworks */ = {
			isa = PBXFrameworksBuildPhase;
			buildActionMask = 2147483647;
			files = (
				A03C02FFB231A017ACAF3F55 /* Pods_OneDay_OneDayTests.framework in Frameworks */,
			);
			runOnlyForDeploymentPostprocessing = 0;
		};
		905297ED1D33508700575A8B /* Frameworks */ = {
			isa = PBXFrameworksBuildPhase;
			buildActionMask = 2147483647;
			files = (
				5880733042384CCB2FF045DE /* Pods_OneDay_OneDayUITests.framework in Frameworks */,
			);
			runOnlyForDeploymentPostprocessing = 0;
		};
/* End PBXFrameworksBuildPhase section */

/* Begin PBXGroup section */
		31174A7FED6DA897A523CFB8 /* Pods */ = {
			isa = PBXGroup;
			children = (
				5A409BDEF46E5262F366B1E4 /* Pods-OneDay.debug.xcconfig */,
				639807AE8FE842DA5B3D6C74 /* Pods-OneDay.release.xcconfig */,
				C7B97FED8D50ED30D4371F54 /* Pods-OneDay-OneDayTests.debug.xcconfig */,
				22A16E1806383853686540A7 /* Pods-OneDay-OneDayTests.release.xcconfig */,
				EE98E2F766728DFA11341334 /* Pods-OneDay-OneDayUITests.debug.xcconfig */,
				07DD66C763993448F3288035 /* Pods-OneDay-OneDayUITests.release.xcconfig */,
			);
			name = Pods;
			sourceTree = "<group>";
		};
		4B653ECA54F9ED6C68BCF59B /* Frameworks */ = {
			isa = PBXGroup;
			children = (
				900BA5E41D6EE8E8007589CD /* Kingfisher.framework */,
				900BA5D11D6DCD87007589CD /* SwiftHTTP.framework */,
				9059E2E41D6AFBDE00803ACC /* Alamofire.framework */,
				909E0B6D1D5212C000809F3C /* libsqlite3.tbd */,
				8329284A5D1B900FF32674E6 /* Pods_OneDay.framework */,
				642133FC759890A4F447A8E7 /* Pods_OneDayTests.framework */,
				1B5976A7BBAED5414FADFA19 /* Pods_OneDayUITests.framework */,
				43C4F66B1094765678AEA6C7 /* Pods_OneDay_OneDayTests.framework */,
				4D03251AACA71136631E9821 /* Pods_OneDay_OneDayUITests.framework */,
			);
			name = Frameworks;
			sourceTree = "<group>";
		};
		90173D461D3B78550054B0AF /* Models */ = {
			isa = PBXGroup;
			children = (
				90173D481D3B78B40054B0AF /* User.swift */,
				90173D4A1D3B92550054B0AF /* Notice.swift */,
				90173D4C1D3CB9B90054B0AF /* Comment.swift */,
			);
			name = Models;
			sourceTree = "<group>";
		};
		90173D471D3B78600054B0AF /* Friends */ = {
			isa = PBXGroup;
			children = (
				904BACB21D3A50E800AB72A8 /* FriendTableViewController.swift */,
				904BACB41D3A659600AB72A8 /* FriendTableViewCell.swift */,
			);
			name = Friends;
			sourceTree = "<group>";
		};
		90173D601D3CCE4D0054B0AF /* SocketIO */ = {
			isa = PBXGroup;
			children = (
				9018BE611D3D21FB0048004A /* SocketIOManager.swift */,
				90173D651D3CCF5C0054B0AF /* Source */,
				9018BE631D3D2FB30048004A /* SocketIOProtocol.swift */,
			);
			name = SocketIO;
			sourceTree = "<group>";
		};
		90173D651D3CCF5C0054B0AF /* Source */ = {
			isa = PBXGroup;
			children = (
				90173D661D3CCF5C0054B0AF /* NSCharacterSet.swift */,
				90173D671D3CCF5C0054B0AF /* SocketAckEmitter.swift */,
				90173D681D3CCF5C0054B0AF /* SocketAckManager.swift */,
				90173D691D3CCF5C0054B0AF /* SocketAnyEvent.swift */,
				90173D6A1D3CCF5C0054B0AF /* SocketClientManager.swift */,
				90173D6B1D3CCF5C0054B0AF /* SocketEngine.swift */,
				90173D6C1D3CCF5C0054B0AF /* SocketEngineClient.swift */,
				90173D6D1D3CCF5C0054B0AF /* SocketEnginePacketType.swift */,
				90173D6E1D3CCF5C0054B0AF /* SocketEnginePollable.swift */,
				90173D6F1D3CCF5C0054B0AF /* SocketEngineSpec.swift */,
				90173D701D3CCF5C0054B0AF /* SocketEngineWebsocket.swift */,
				90173D711D3CCF5C0054B0AF /* SocketEventHandler.swift */,
				90173D721D3CCF5C0054B0AF /* SocketIOClient.swift */,
				90173D731D3CCF5C0054B0AF /* SocketIOClientOption.swift */,
				90173D741D3CCF5C0054B0AF /* SocketIOClientSpec.swift */,
				90173D751D3CCF5C0054B0AF /* SocketIOClientStatus.swift */,
				90173D761D3CCF5C0054B0AF /* SocketLogger.swift */,
				90173D771D3CCF5C0054B0AF /* SocketPacket.swift */,
				90173D781D3CCF5C0054B0AF /* SocketParsable.swift */,
				90173D791D3CCF5C0054B0AF /* SocketStringReader.swift */,
				90173D7A1D3CCF5C0054B0AF /* SocketTypes.swift */,
				90173D7B1D3CCF5C0054B0AF /* String.swift */,
				90173D7C1D3CCF5C0054B0AF /* WebSocket */,
			);
			name = Source;
			path = "../../../Downloads/socket.io-client-swift-master/Source";
			sourceTree = "<group>";
		};
		90173D7C1D3CCF5C0054B0AF /* WebSocket */ = {
			isa = PBXGroup;
			children = (
				90173D7D1D3CCF5C0054B0AF /* SSLSecurity.swift */,
				90173D7E1D3CCF5C0054B0AF /* WebSocket.swift */,
			);
			path = WebSocket;
			sourceTree = "<group>";
		};
		9018BE651D3E03450048004A /* SignUp */ = {
			isa = PBXGroup;
			children = (
				9018BE661D3E03660048004A /* SignUpViewController.swift */,
				907DC1C01D7F3E480069BC36 /* SignUpInteractor.swift */,
				907DC1C21D7F3E500069BC36 /* SignUpPresenter.swift */,
			);
			name = SignUp;
			sourceTree = "<group>";
		};
		903DBF481D70355A005E9434 /* Notification */ = {
			isa = PBXGroup;
			children = (
				903DBF491D703569005E9434 /* NotificationViewController.swift */,
			);
			name = Notification;
			sourceTree = "<group>";
		};
		9040CBF51D426815001AD800 /* Login */ = {
			isa = PBXGroup;
			children = (
				905297D61D33508700575A8B /* LoginViewController.swift */,
				907DC17D1D7D0B4B0069BC36 /* LoginInteractor.swift */,
				907DC17F1D7D0B560069BC36 /* LoginPresenter.swift */,
			);
			name = Login;
			sourceTree = "<group>";
		};
		905297C81D33508700575A8B = {
			isa = PBXGroup;
			children = (
				905297D31D33508700575A8B /* OneDay */,
				905297E81D33508700575A8B /* OneDayTests */,
				905297F31D33508700575A8B /* OneDayUITests */,
				905297D21D33508700575A8B /* Products */,
				31174A7FED6DA897A523CFB8 /* Pods */,
				4B653ECA54F9ED6C68BCF59B /* Frameworks */,
			);
			sourceTree = "<group>";
		};
		905297D21D33508700575A8B /* Products */ = {
			isa = PBXGroup;
			children = (
				905297D11D33508700575A8B /* OneDay.app */,
				905297E51D33508700575A8B /* OneDayTests.xctest */,
				905297F01D33508700575A8B /* OneDayUITests.xctest */,
			);
			name = Products;
			sourceTree = "<group>";
		};
		905297D31D33508700575A8B /* OneDay */ = {
			isa = PBXGroup;
			children = (
				907DC1811D7D0BAB0069BC36 /* Services */,
				903DBF481D70355A005E9434 /* Notification */,
				9059E2C61D62ED7F00803ACC /* UpdateProfile */,
				9059E2C11D5FDFF100803ACC /* PresentProfile */,
				9059E2BC1D5C584900803ACC /* SearchTimeline */,
				90B2F70F1D58927D00E9CD66 /* Comment */,
				909E0B861D5300C900809F3C /* InsertTimeline */,
				909E0B751D52301D00809F3C /* PresentTimeline */,
				909E0B3E1D520C5800809F3C /* DBManagers */,
				909E0B1A1D51F85A00809F3C /* FMDB */,
				9040CBF51D426815001AD800 /* Login */,
				9018BE651D3E03450048004A /* SignUp */,
				90173D601D3CCE4D0054B0AF /* SocketIO */,
				90173D471D3B78600054B0AF /* Friends */,
				90173D461D3B78550054B0AF /* Models */,
				905297D41D33508700575A8B /* AppDelegate.swift */,
				905297D81D33508700575A8B /* Main.storyboard */,
				905297DB1D33508700575A8B /* Assets.xcassets */,
				905297DD1D33508700575A8B /* LaunchScreen.storyboard */,
				905297E01D33508700575A8B /* Info.plist */,
				909E0B731D522EA000809F3C /* MainViewController.swift */,
				903DBF441D6F1014005E9434 /* ImageDetailViewController.swift */,
				903DBF461D6FCFF3005E9434 /* Global.swift */,
			);
			path = OneDay;
			sourceTree = "<group>";
		};
		905297E81D33508700575A8B /* OneDayTests */ = {
			isa = PBXGroup;
			children = (
				905297EB1D33508700575A8B /* Info.plist */,
				907DC1881D7F08500069BC36 /* LoginPresenterTests.swift */,
			);
			path = OneDayTests;
			sourceTree = "<group>";
		};
		905297F31D33508700575A8B /* OneDayUITests */ = {
			isa = PBXGroup;
			children = (
				905297F41D33508700575A8B /* OneDayUITests.swift */,
				905297F61D33508700575A8B /* Info.plist */,
			);
			path = OneDayUITests;
			sourceTree = "<group>";
		};
		9059E2BC1D5C584900803ACC /* SearchTimeline */ = {
			isa = PBXGroup;
			children = (
				9059E2BD1D5C589500803ACC /* SearchTimelineViewController.swift */,
			);
			name = SearchTimeline;
			sourceTree = "<group>";
		};
		9059E2C11D5FDFF100803ACC /* PresentProfile */ = {
			isa = PBXGroup;
			children = (
				9059E2C21D5FE04D00803ACC /* ProfileViewController.swift */,
				9059E2C41D6183FD00803ACC /* ProfileViewCell.swift */,
			);
			name = PresentProfile;
			sourceTree = "<group>";
		};
		9059E2C61D62ED7F00803ACC /* UpdateProfile */ = {
			isa = PBXGroup;
			children = (
				9059E2C71D62ED9E00803ACC /* UpdateProfileViewController.swift */,
			);
			name = UpdateProfile;
			sourceTree = "<group>";
		};
		907DC1811D7D0BAB0069BC36 /* Services */ = {
			isa = PBXGroup;
			children = (
			);
			name = Services;
			sourceTree = "<group>";
		};
		909E0B1A1D51F85A00809F3C /* FMDB */ = {
			isa = PBXGroup;
			children = (
				909E0B5D1D52111E00809F3C /* FMDatabase.h */,
				909E0B5E1D52111E00809F3C /* FMDatabase.m */,
				909E0B5F1D52111E00809F3C /* FMDatabaseAdditions.h */,
				909E0B601D52111E00809F3C /* FMDatabaseAdditions.m */,
				909E0B611D52111E00809F3C /* FMDatabasePool.h */,
				909E0B621D52111E00809F3C /* FMDatabasePool.m */,
				909E0B631D52111E00809F3C /* FMDatabaseQueue.h */,
				909E0B641D52111E00809F3C /* FMDatabaseQueue.m */,
				909E0B651D52111E00809F3C /* FMDB.h */,
				909E0B661D52111E00809F3C /* FMResultSet.h */,
				909E0B671D52111E00809F3C /* FMResultSet.m */,
				909E0B2B1D51F9FD00809F3C /* OneDay-Bridging-Header.h */,
			);
			name = FMDB;
			sourceTree = "<group>";
		};
		909E0B3E1D520C5800809F3C /* DBManagers */ = {
			isa = PBXGroup;
			children = (
				909E0B3C1D52023A00809F3C /* DBManager.swift */,
				909E0B3F1D520C7400809F3C /* UserDBManager.swift */,
			);
			name = DBManagers;
			sourceTree = "<group>";
		};
		909E0B751D52301D00809F3C /* PresentTimeline */ = {
			isa = PBXGroup;
			children = (
				909E0B7A1D5231D400809F3C /* TimelineViewController.swift */,
				909E0B7E1D523CD200809F3C /* TimelinePresenter.swift */,
				909E0B841D52431B00809F3C /* TimelineCell.swift */,
				900BA5E21D6EE6CD007589CD /* TimelineImageCell.swift */,
			);
			name = PresentTimeline;
			sourceTree = "<group>";
		};
		909E0B861D5300C900809F3C /* InsertTimeline */ = {
			isa = PBXGroup;
			children = (
				909E0B871D5300EE00809F3C /* InsertTimelineViewController.swift */,
				9059E2C91D655B5400803ACC /* imageViewCell.swift */,
			);
			name = InsertTimeline;
			sourceTree = "<group>";
		};
		90B2F70F1D58927D00E9CD66 /* Comment */ = {
			isa = PBXGroup;
			children = (
				90B2F7141D5894C700E9CD66 /* CommentViewController.swift */,
				90B2F7161D5894D600E9CD66 /* CommentCell.swift */,
			);
			name = Comment;
			sourceTree = "<group>";
		};
/* End PBXGroup section */

/* Begin PBXNativeTarget section */
		905297D01D33508700575A8B /* OneDay */ = {
			isa = PBXNativeTarget;
			buildConfigurationList = 905297F91D33508700575A8B /* Build configuration list for PBXNativeTarget "OneDay" */;
			buildPhases = (
				5EBED21EC64E1B519BD84B36 /* [CP] Check Pods Manifest.lock */,
				905297CD1D33508700575A8B /* Sources */,
				905297CE1D33508700575A8B /* Frameworks */,
				905297CF1D33508700575A8B /* Resources */,
				C576B36DB7E65DB4CB8A7A35 /* [CP] Embed Pods Frameworks */,
				4B38C235FDECCF857473AE1F /* [CP] Copy Pods Resources */,
			);
			buildRules = (
			);
			dependencies = (
			);
			name = OneDay;
			productName = OneDay;
			productReference = 905297D11D33508700575A8B /* OneDay.app */;
			productType = "com.apple.product-type.application";
		};
		905297E41D33508700575A8B /* OneDayTests */ = {
			isa = PBXNativeTarget;
			buildConfigurationList = 905297FC1D33508700575A8B /* Build configuration list for PBXNativeTarget "OneDayTests" */;
			buildPhases = (
				75A5A51C21E2E847370A21BF /* [CP] Check Pods Manifest.lock */,
				905297E11D33508700575A8B /* Sources */,
				905297E21D33508700575A8B /* Frameworks */,
				905297E31D33508700575A8B /* Resources */,
				12A9234580C7632B71DDF66C /* [CP] Embed Pods Frameworks */,
				401BFBD17CB3128BBEEAFF4B /* [CP] Copy Pods Resources */,
			);
			buildRules = (
			);
			dependencies = (
				905297E71D33508700575A8B /* PBXTargetDependency */,
			);
			name = OneDayTests;
			productName = OneDayTests;
			productReference = 905297E51D33508700575A8B /* OneDayTests.xctest */;
			productType = "com.apple.product-type.bundle.unit-test";
		};
		905297EF1D33508700575A8B /* OneDayUITests */ = {
			isa = PBXNativeTarget;
			buildConfigurationList = 905297FF1D33508700575A8B /* Build configuration list for PBXNativeTarget "OneDayUITests" */;
			buildPhases = (
				C633B3EDBC526F19B0B89E30 /* [CP] Check Pods Manifest.lock */,
				905297EC1D33508700575A8B /* Sources */,
				905297ED1D33508700575A8B /* Frameworks */,
				905297EE1D33508700575A8B /* Resources */,
				C7BB31A88AEC8A7CB157A9F5 /* [CP] Copy Pods Resources */,
			);
			buildRules = (
			);
			dependencies = (
				905297F21D33508700575A8B /* PBXTargetDependency */,
			);
			name = OneDayUITests;
			productName = OneDayUITests;
			productReference = 905297F01D33508700575A8B /* OneDayUITests.xctest */;
			productType = "com.apple.product-type.bundle.ui-testing";
		};
/* End PBXNativeTarget section */

/* Begin PBXProject section */
		905297C91D33508700575A8B /* Project object */ = {
			isa = PBXProject;
			attributes = {
				KnownAssetTags = (
					New,
				);
				LastSwiftUpdateCheck = 0730;
				LastUpgradeCheck = 0730;
				ORGANIZATIONNAME = "이동규";
				TargetAttributes = {
					905297D01D33508700575A8B = {
						CreatedOnToolsVersion = 7.3.1;
						DevelopmentTeam = 8S882ZSFK3;
					};
					905297E41D33508700575A8B = {
						CreatedOnToolsVersion = 7.3.1;
						DevelopmentTeam = 8S882ZSFK3;
						TestTargetID = 905297D01D33508700575A8B;
					};
					905297EF1D33508700575A8B = {
						CreatedOnToolsVersion = 7.3.1;
						DevelopmentTeam = 8S882ZSFK3;
						TestTargetID = 905297D01D33508700575A8B;
					};
				};
			};
			buildConfigurationList = 905297CC1D33508700575A8B /* Build configuration list for PBXProject "OneDay" */;
			compatibilityVersion = "Xcode 3.2";
			developmentRegion = English;
			hasScannedForEncodings = 0;
			knownRegions = (
				en,
				Base,
			);
			mainGroup = 905297C81D33508700575A8B;
			productRefGroup = 905297D21D33508700575A8B /* Products */;
			projectDirPath = "";
			projectRoot = "";
			targets = (
				905297D01D33508700575A8B /* OneDay */,
				905297E41D33508700575A8B /* OneDayTests */,
				905297EF1D33508700575A8B /* OneDayUITests */,
			);
		};
/* End PBXProject section */

/* Begin PBXResourcesBuildPhase section */
		905297CF1D33508700575A8B /* Resources */ = {
			isa = PBXResourcesBuildPhase;
			buildActionMask = 2147483647;
			files = (
				905297DF1D33508700575A8B /* LaunchScreen.storyboard in Resources */,
				905297DC1D33508700575A8B /* Assets.xcassets in Resources */,
				905297DA1D33508700575A8B /* Main.storyboard in Resources */,
			);
			runOnlyForDeploymentPostprocessing = 0;
		};
		905297E31D33508700575A8B /* Resources */ = {
			isa = PBXResourcesBuildPhase;
			buildActionMask = 2147483647;
			files = (
			);
			runOnlyForDeploymentPostprocessing = 0;
		};
		905297EE1D33508700575A8B /* Resources */ = {
			isa = PBXResourcesBuildPhase;
			buildActionMask = 2147483647;
			files = (
			);
			runOnlyForDeploymentPostprocessing = 0;
		};
/* End PBXResourcesBuildPhase section */

/* Begin PBXShellScriptBuildPhase section */
		12A9234580C7632B71DDF66C /* [CP] Embed Pods Frameworks */ = {
			isa = PBXShellScriptBuildPhase;
			buildActionMask = 2147483647;
			files = (
			);
			inputPaths = (
			);
			name = "[CP] Embed Pods Frameworks";
			outputPaths = (
			);
			runOnlyForDeploymentPostprocessing = 0;
			shellPath = /bin/sh;
			shellScript = "\"${SRCROOT}/Pods/Target Support Files/Pods-OneDay-OneDayTests/Pods-OneDay-OneDayTests-frameworks.sh\"\n";
			showEnvVarsInLog = 0;
		};
		401BFBD17CB3128BBEEAFF4B /* [CP] Copy Pods Resources */ = {
			isa = PBXShellScriptBuildPhase;
			buildActionMask = 2147483647;
			files = (
			);
			inputPaths = (
			);
			name = "[CP] Copy Pods Resources";
			outputPaths = (
			);
			runOnlyForDeploymentPostprocessing = 0;
			shellPath = /bin/sh;
			shellScript = "\"${SRCROOT}/Pods/Target Support Files/Pods-OneDay-OneDayTests/Pods-OneDay-OneDayTests-resources.sh\"\n";
			showEnvVarsInLog = 0;
		};
		4B38C235FDECCF857473AE1F /* [CP] Copy Pods Resources */ = {
			isa = PBXShellScriptBuildPhase;
			buildActionMask = 2147483647;
			files = (
			);
			inputPaths = (
			);
			name = "[CP] Copy Pods Resources";
			outputPaths = (
			);
			runOnlyForDeploymentPostprocessing = 0;
			shellPath = /bin/sh;
			shellScript = "\"${SRCROOT}/Pods/Target Support Files/Pods-OneDay/Pods-OneDay-resources.sh\"\n";
			showEnvVarsInLog = 0;
		};
		5EBED21EC64E1B519BD84B36 /* [CP] Check Pods Manifest.lock */ = {
			isa = PBXShellScriptBuildPhase;
			buildActionMask = 2147483647;
			files = (
			);
			inputPaths = (
			);
			name = "[CP] Check Pods Manifest.lock";
			outputPaths = (
			);
			runOnlyForDeploymentPostprocessing = 0;
			shellPath = /bin/sh;
			shellScript = "diff \"${PODS_ROOT}/../Podfile.lock\" \"${PODS_ROOT}/Manifest.lock\" > /dev/null\nif [[ $? != 0 ]] ; then\n    cat << EOM\nerror: The sandbox is not in sync with the Podfile.lock. Run 'pod install' or update your CocoaPods installation.\nEOM\n    exit 1\nfi\n";
			showEnvVarsInLog = 0;
		};
		75A5A51C21E2E847370A21BF /* [CP] Check Pods Manifest.lock */ = {
			isa = PBXShellScriptBuildPhase;
			buildActionMask = 2147483647;
			files = (
			);
			inputPaths = (
			);
			name = "[CP] Check Pods Manifest.lock";
			outputPaths = (
			);
			runOnlyForDeploymentPostprocessing = 0;
			shellPath = /bin/sh;
			shellScript = "diff \"${PODS_ROOT}/../Podfile.lock\" \"${PODS_ROOT}/Manifest.lock\" > /dev/null\nif [[ $? != 0 ]] ; then\n    cat << EOM\nerror: The sandbox is not in sync with the Podfile.lock. Run 'pod install' or update your CocoaPods installation.\nEOM\n    exit 1\nfi\n";
			showEnvVarsInLog = 0;
		};
		C576B36DB7E65DB4CB8A7A35 /* [CP] Embed Pods Frameworks */ = {
			isa = PBXShellScriptBuildPhase;
			buildActionMask = 2147483647;
			files = (
			);
			inputPaths = (
			);
			name = "[CP] Embed Pods Frameworks";
			outputPaths = (
			);
			runOnlyForDeploymentPostprocessing = 0;
			shellPath = /bin/sh;
			shellScript = "\"${SRCROOT}/Pods/Target Support Files/Pods-OneDay/Pods-OneDay-frameworks.sh\"\n";
			showEnvVarsInLog = 0;
		};
		C633B3EDBC526F19B0B89E30 /* [CP] Check Pods Manifest.lock */ = {
			isa = PBXShellScriptBuildPhase;
			buildActionMask = 2147483647;
			files = (
			);
			inputPaths = (
			);
			name = "[CP] Check Pods Manifest.lock";
			outputPaths = (
			);
			runOnlyForDeploymentPostprocessing = 0;
			shellPath = /bin/sh;
			shellScript = "diff \"${PODS_ROOT}/../Podfile.lock\" \"${PODS_ROOT}/Manifest.lock\" > /dev/null\nif [[ $? != 0 ]] ; then\n    cat << EOM\nerror: The sandbox is not in sync with the Podfile.lock. Run 'pod install' or update your CocoaPods installation.\nEOM\n    exit 1\nfi\n";
			showEnvVarsInLog = 0;
		};
		C7BB31A88AEC8A7CB157A9F5 /* [CP] Copy Pods Resources */ = {
			isa = PBXShellScriptBuildPhase;
			buildActionMask = 2147483647;
			files = (
			);
			inputPaths = (
			);
			name = "[CP] Copy Pods Resources";
			outputPaths = (
			);
			runOnlyForDeploymentPostprocessing = 0;
			shellPath = /bin/sh;
			shellScript = "\"${SRCROOT}/Pods/Target Support Files/Pods-OneDay-OneDayUITests/Pods-OneDay-OneDayUITests-resources.sh\"\n";
			showEnvVarsInLog = 0;
		};
/* End PBXShellScriptBuildPhase section */

/* Begin PBXSourcesBuildPhase section */
		905297CD1D33508700575A8B /* Sources */ = {
			isa = PBXSourcesBuildPhase;
			buildActionMask = 2147483647;
			files = (
				90173D941D3CCF5C0054B0AF /* String.swift in Sources */,
				90173D8D1D3CCF5C0054B0AF /* SocketIOClientSpec.swift in Sources */,
				904BACB31D3A50E800AB72A8 /* FriendTableViewController.swift in Sources */,
				90173D7F1D3CCF5C0054B0AF /* NSCharacterSet.swift in Sources */,
				905297D71D33508700575A8B /* LoginViewController.swift in Sources */,
				90B2F7171D5894D600E9CD66 /* CommentCell.swift in Sources */,
				909E0B7B1D5231D400809F3C /* TimelineViewController.swift in Sources */,
				90173D8C1D3CCF5C0054B0AF /* SocketIOClientOption.swift in Sources */,
				9059E2BE1D5C589500803ACC /* SearchTimelineViewController.swift in Sources */,
				9059E2C51D6183FD00803ACC /* ProfileViewCell.swift in Sources */,
				90B2F7151D5894C700E9CD66 /* CommentViewController.swift in Sources */,
				90173D801D3CCF5C0054B0AF /* SocketAckEmitter.swift in Sources */,
				90173D821D3CCF5C0054B0AF /* SocketAnyEvent.swift in Sources */,
				9059E2C81D62ED9E00803ACC /* UpdateProfileViewController.swift in Sources */,
				909E0B401D520C7400809F3C /* UserDBManager.swift in Sources */,
				905297D51D33508700575A8B /* AppDelegate.swift in Sources */,
				90173D891D3CCF5C0054B0AF /* SocketEngineWebsocket.swift in Sources */,
				9018BE621D3D21FB0048004A /* SocketIOManager.swift in Sources */,
				9018BE641D3D2FB30048004A /* SocketIOProtocol.swift in Sources */,
				90173D8A1D3CCF5C0054B0AF /* SocketEventHandler.swift in Sources */,
				909E0B851D52431B00809F3C /* TimelineCell.swift in Sources */,
				90173D4D1D3CB9B90054B0AF /* Comment.swift in Sources */,
				909E0B691D52111E00809F3C /* FMDatabaseAdditions.m in Sources */,
				909E0B681D52111E00809F3C /* FMDatabase.m in Sources */,
				903DBF451D6F1014005E9434 /* ImageDetailViewController.swift in Sources */,
				9059E2C31D5FE04D00803ACC /* ProfileViewController.swift in Sources */,
				909E0B881D5300EE00809F3C /* InsertTimelineViewController.swift in Sources */,
				90173D851D3CCF5C0054B0AF /* SocketEngineClient.swift in Sources */,
				90173D8E1D3CCF5C0054B0AF /* SocketIOClientStatus.swift in Sources */,
				90173D811D3CCF5C0054B0AF /* SocketAckManager.swift in Sources */,
				90173D8F1D3CCF5C0054B0AF /* SocketLogger.swift in Sources */,
				907DC1C31D7F3E500069BC36 /* SignUpPresenter.swift in Sources */,
				9059E2CA1D655B5400803ACC /* imageViewCell.swift in Sources */,
				907DC17E1D7D0B4B0069BC36 /* LoginInteractor.swift in Sources */,
				909E0B741D522EA000809F3C /* MainViewController.swift in Sources */,
				90173D951D3CCF5C0054B0AF /* SSLSecurity.swift in Sources */,
				90173D921D3CCF5C0054B0AF /* SocketStringReader.swift in Sources */,
				903DBF4A1D703569005E9434 /* NotificationViewController.swift in Sources */,
				90173D901D3CCF5C0054B0AF /* SocketPacket.swift in Sources */,
				90173D4B1D3B92550054B0AF /* Notice.swift in Sources */,
				909E0B6B1D52111E00809F3C /* FMDatabaseQueue.m in Sources */,
				9018BE671D3E03660048004A /* SignUpViewController.swift in Sources */,
				90173D931D3CCF5C0054B0AF /* SocketTypes.swift in Sources */,
				90173D961D3CCF5C0054B0AF /* WebSocket.swift in Sources */,
				907DC1801D7D0B560069BC36 /* LoginPresenter.swift in Sources */,
				909E0B6A1D52111E00809F3C /* FMDatabasePool.m in Sources */,
				90173D491D3B78B40054B0AF /* User.swift in Sources */,
				909E0B7F1D523CD200809F3C /* TimelinePresenter.swift in Sources */,
				904BACB51D3A659600AB72A8 /* FriendTableViewCell.swift in Sources */,
				90173D831D3CCF5C0054B0AF /* SocketClientManager.swift in Sources */,
				90173D8B1D3CCF5C0054B0AF /* SocketIOClient.swift in Sources */,
				90173D861D3CCF5C0054B0AF /* SocketEnginePacketType.swift in Sources */,
				903DBF471D6FCFF3005E9434 /* Global.swift in Sources */,
				90173D911D3CCF5C0054B0AF /* SocketParsable.swift in Sources */,
				909E0B3D1D52023A00809F3C /* DBManager.swift in Sources */,
				90173D881D3CCF5C0054B0AF /* SocketEngineSpec.swift in Sources */,
				900BA5E31D6EE6CD007589CD /* TimelineImageCell.swift in Sources */,
				909E0B6C1D52111E00809F3C /* FMResultSet.m in Sources */,
				90173D841D3CCF5C0054B0AF /* SocketEngine.swift in Sources */,
				907DC1C11D7F3E480069BC36 /* SignUpInteractor.swift in Sources */,
				90173D871D3CCF5C0054B0AF /* SocketEnginePollable.swift in Sources */,
			);
			runOnlyForDeploymentPostprocessing = 0;
		};
		905297E11D33508700575A8B /* Sources */ = {
			isa = PBXSourcesBuildPhase;
			buildActionMask = 2147483647;
			files = (
				907DC18C1D7F24340069BC36 /* LoginInteractor.swift in Sources */,
				907DC1A61D7F25100069BC36 /* SocketIOClientStatus.swift in Sources */,
				907DC1941D7F24A50069BC36 /* SocketEngineClient.swift in Sources */,
				907DC19F1D7F25100069BC36 /* SocketEnginePacketType.swift in Sources */,
				907DC19D1D7F25100069BC36 /* SocketClientManager.swift in Sources */,
				907DC19B1D7F25100069BC36 /* SocketAckManager.swift in Sources */,
				907DC1B91D7F25700069BC36 /* CommentCell.swift in Sources */,
				907DC1901D7F24760069BC36 /* Notice.swift in Sources */,
				907DC19A1D7F25100069BC36 /* SocketAckEmitter.swift in Sources */,
				907DC1BA1D7F25730069BC36 /* SearchTimelineViewController.swift in Sources */,
				907DC1B81D7F25700069BC36 /* CommentViewController.swift in Sources */,
				907DC1A01D7F25100069BC36 /* SocketEnginePollable.swift in Sources */,
				907DC18D1D7F24510069BC36 /* SocketIOManager.swift in Sources */,
				907DC1961D7F24B40069BC36 /* SocketTypes.swift in Sources */,
				907DC1B21D7F256A0069BC36 /* TimelineViewController.swift in Sources */,
				907DC1A51D7F25100069BC36 /* SocketIOClientSpec.swift in Sources */,
				907DC1A91D7F25100069BC36 /* SocketStringReader.swift in Sources */,
				907DC1BD1D7F25780069BC36 /* UpdateProfileViewController.swift in Sources */,
				907DC1A71D7F25100069BC36 /* SocketLogger.swift in Sources */,
				907DC1AA1D7F25100069BC36 /* String.swift in Sources */,
				907DC1B41D7F256A0069BC36 /* TimelineCell.swift in Sources */,
				907DC1A41D7F25100069BC36 /* SocketIOClientOption.swift in Sources */,
				907DC1A81D7F25100069BC36 /* SocketPacket.swift in Sources */,
				907DC18E1D7F24530069BC36 /* SocketIOProtocol.swift in Sources */,
				907DC18B1D7F24300069BC36 /* LoginViewController.swift in Sources */,
				907DC1BB1D7F25760069BC36 /* ProfileViewController.swift in Sources */,
				907DC1A31D7F25100069BC36 /* SocketEventHandler.swift in Sources */,
				907DC1931D7F248D0069BC36 /* SocketIOClient.swift in Sources */,
				907DC1AB1D7F25170069BC36 /* SSLSecurity.swift in Sources */,
				907DC1B61D7F256E0069BC36 /* InsertTimelineViewController.swift in Sources */,
				907DC1B11D7F25670069BC36 /* DBManager.swift in Sources */,
				907DC19C1D7F25100069BC36 /* SocketAnyEvent.swift in Sources */,
				907DC1B71D7F256E0069BC36 /* imageViewCell.swift in Sources */,
				907DC1B31D7F256A0069BC36 /* TimelinePresenter.swift in Sources */,
				907DC1A21D7F25100069BC36 /* SocketEngineWebsocket.swift in Sources */,
				907DC19E1D7F25100069BC36 /* SocketEngine.swift in Sources */,
				907DC1AC1D7F25170069BC36 /* WebSocket.swift in Sources */,
				907DC1BC1D7F25760069BC36 /* ProfileViewCell.swift in Sources */,
				907DC1991D7F25100069BC36 /* NSCharacterSet.swift in Sources */,
				907DC1981D7F24C60069BC36 /* Global.swift in Sources */,
				907DC1B51D7F256A0069BC36 /* TimelineImageCell.swift in Sources */,
				907DC18A1D7F0A7F0069BC36 /* LoginPresenter.swift in Sources */,
				907DC1A11D7F25100069BC36 /* SocketEngineSpec.swift in Sources */,
				907DC1971D7F24BA0069BC36 /* MainViewController.swift in Sources */,
				907DC1891D7F08500069BC36 /* LoginPresenterTests.swift in Sources */,
				907DC1951D7F24AC0069BC36 /* SocketParsable.swift in Sources */,
				907DC1AF1D7F254F0069BC36 /* FriendTableViewCell.swift in Sources */,
				907DC1B01D7F25520069BC36 /* SignUpViewController.swift in Sources */,
				907DC1AE1D7F254F0069BC36 /* FriendTableViewController.swift in Sources */,
				907DC1911D7F24760069BC36 /* Comment.swift in Sources */,
				907DC1BE1D7F257B0069BC36 /* NotificationViewController.swift in Sources */,
				907DC1921D7F24870069BC36 /* UserDBManager.swift in Sources */,
				907DC1AD1D7F25460069BC36 /* ImageDetailViewController.swift in Sources */,
				907DC18F1D7F24760069BC36 /* User.swift in Sources */,
			);
			runOnlyForDeploymentPostprocessing = 0;
		};
		905297EC1D33508700575A8B /* Sources */ = {
			isa = PBXSourcesBuildPhase;
			buildActionMask = 2147483647;
			files = (
				905297F51D33508700575A8B /* OneDayUITests.swift in Sources */,
			);
			runOnlyForDeploymentPostprocessing = 0;
		};
/* End PBXSourcesBuildPhase section */

/* Begin PBXTargetDependency section */
		905297E71D33508700575A8B /* PBXTargetDependency */ = {
			isa = PBXTargetDependency;
			target = 905297D01D33508700575A8B /* OneDay */;
			targetProxy = 905297E61D33508700575A8B /* PBXContainerItemProxy */;
		};
		905297F21D33508700575A8B /* PBXTargetDependency */ = {
			isa = PBXTargetDependency;
			target = 905297D01D33508700575A8B /* OneDay */;
			targetProxy = 905297F11D33508700575A8B /* PBXContainerItemProxy */;
		};
/* End PBXTargetDependency section */

/* Begin PBXVariantGroup section */
		905297D81D33508700575A8B /* Main.storyboard */ = {
			isa = PBXVariantGroup;
			children = (
				905297D91D33508700575A8B /* Base */,
			);
			name = Main.storyboard;
			sourceTree = "<group>";
		};
		905297DD1D33508700575A8B /* LaunchScreen.storyboard */ = {
			isa = PBXVariantGroup;
			children = (
				905297DE1D33508700575A8B /* Base */,
			);
			name = LaunchScreen.storyboard;
			sourceTree = "<group>";
		};
/* End PBXVariantGroup section */

/* Begin XCBuildConfiguration section */
		905297F71D33508700575A8B /* Debug */ = {
			isa = XCBuildConfiguration;
			buildSettings = {
				ALWAYS_SEARCH_USER_PATHS = NO;
				CLANG_ANALYZER_NONNULL = YES;
				CLANG_CXX_LANGUAGE_STANDARD = "gnu++0x";
				CLANG_CXX_LIBRARY = "libc++";
				CLANG_ENABLE_MODULES = YES;
				CLANG_ENABLE_OBJC_ARC = YES;
				CLANG_WARN_BOOL_CONVERSION = YES;
				CLANG_WARN_CONSTANT_CONVERSION = YES;
				CLANG_WARN_DIRECT_OBJC_ISA_USAGE = YES_ERROR;
				CLANG_WARN_EMPTY_BODY = YES;
				CLANG_WARN_ENUM_CONVERSION = YES;
				CLANG_WARN_INT_CONVERSION = YES;
				CLANG_WARN_OBJC_ROOT_CLASS = YES_ERROR;
				CLANG_WARN_UNREACHABLE_CODE = YES;
				CLANG_WARN__DUPLICATE_METHOD_MATCH = YES;
				"CODE_SIGN_IDENTITY[sdk=iphoneos*]" = "iPhone Developer";
				COPY_PHASE_STRIP = NO;
				DEBUG_INFORMATION_FORMAT = dwarf;
				ENABLE_STRICT_OBJC_MSGSEND = YES;
				ENABLE_TESTABILITY = YES;
				GCC_C_LANGUAGE_STANDARD = gnu99;
				GCC_DYNAMIC_NO_PIC = NO;
				GCC_NO_COMMON_BLOCKS = YES;
				GCC_OPTIMIZATION_LEVEL = 0;
				GCC_PREPROCESSOR_DEFINITIONS = (
					"DEBUG=1",
					"$(inherited)",
				);
				GCC_WARN_64_TO_32_BIT_CONVERSION = YES;
				GCC_WARN_ABOUT_RETURN_TYPE = YES_ERROR;
				GCC_WARN_UNDECLARED_SELECTOR = YES;
				GCC_WARN_UNINITIALIZED_AUTOS = YES_AGGRESSIVE;
				GCC_WARN_UNUSED_FUNCTION = YES;
				GCC_WARN_UNUSED_VARIABLE = YES;
				IPHONEOS_DEPLOYMENT_TARGET = 9.3;
				MTL_ENABLE_DEBUG_INFO = YES;
				ONLY_ACTIVE_ARCH = YES;
				SDKROOT = iphoneos;
				SWIFT_OPTIMIZATION_LEVEL = "-Onone";
				TARGETED_DEVICE_FAMILY = "1,2";
			};
			name = Debug;
		};
		905297F81D33508700575A8B /* Release */ = {
			isa = XCBuildConfiguration;
			buildSettings = {
				ALWAYS_SEARCH_USER_PATHS = NO;
				CLANG_ANALYZER_NONNULL = YES;
				CLANG_CXX_LANGUAGE_STANDARD = "gnu++0x";
				CLANG_CXX_LIBRARY = "libc++";
				CLANG_ENABLE_MODULES = YES;
				CLANG_ENABLE_OBJC_ARC = YES;
				CLANG_WARN_BOOL_CONVERSION = YES;
				CLANG_WARN_CONSTANT_CONVERSION = YES;
				CLANG_WARN_DIRECT_OBJC_ISA_USAGE = YES_ERROR;
				CLANG_WARN_EMPTY_BODY = YES;
				CLANG_WARN_ENUM_CONVERSION = YES;
				CLANG_WARN_INT_CONVERSION = YES;
				CLANG_WARN_OBJC_ROOT_CLASS = YES_ERROR;
				CLANG_WARN_UNREACHABLE_CODE = YES;
				CLANG_WARN__DUPLICATE_METHOD_MATCH = YES;
				"CODE_SIGN_IDENTITY[sdk=iphoneos*]" = "iPhone Developer";
				COPY_PHASE_STRIP = NO;
				DEBUG_INFORMATION_FORMAT = "dwarf-with-dsym";
				ENABLE_NS_ASSERTIONS = NO;
				ENABLE_STRICT_OBJC_MSGSEND = YES;
				GCC_C_LANGUAGE_STANDARD = gnu99;
				GCC_NO_COMMON_BLOCKS = YES;
				GCC_WARN_64_TO_32_BIT_CONVERSION = YES;
				GCC_WARN_ABOUT_RETURN_TYPE = YES_ERROR;
				GCC_WARN_UNDECLARED_SELECTOR = YES;
				GCC_WARN_UNINITIALIZED_AUTOS = YES_AGGRESSIVE;
				GCC_WARN_UNUSED_FUNCTION = YES;
				GCC_WARN_UNUSED_VARIABLE = YES;
				IPHONEOS_DEPLOYMENT_TARGET = 9.3;
				MTL_ENABLE_DEBUG_INFO = NO;
				SDKROOT = iphoneos;
				TARGETED_DEVICE_FAMILY = "1,2";
				VALIDATE_PRODUCT = YES;
			};
			name = Release;
		};
		905297FA1D33508700575A8B /* Debug */ = {
			isa = XCBuildConfiguration;
			baseConfigurationReference = 5A409BDEF46E5262F366B1E4 /* Pods-OneDay.debug.xcconfig */;
			buildSettings = {
				ASSETCATALOG_COMPILER_APPICON_NAME = AppIcon;
				CLANG_ENABLE_MODULES = YES;
				CODE_SIGN_IDENTITY = "iPhone Developer";
				"CODE_SIGN_IDENTITY[sdk=iphoneos*]" = "iPhone Developer";
				DEFINES_MODULE = YES;
				ENABLE_BITCODE = YES;
				FRAMEWORK_SEARCH_PATHS = (
					"$(inherited)",
					"$(PROJECT_DIR)/Alamofire/build/Debug-iphoneos",
				);
				INFOPLIST_FILE = OneDay/Info.plist;
				IPHONEOS_DEPLOYMENT_TARGET = 9.3;
				LD_RUNPATH_SEARCH_PATHS = "$(inherited) @executable_path/Frameworks";
				PRODUCT_BUNDLE_IDENTIFIER = OneDays;
				PRODUCT_NAME = "$(TARGET_NAME)";
				PROVISIONING_PROFILE = "";
				SWIFT_OBJC_BRIDGING_HEADER = "OneDay/OneDay-Bridging-Header.h";
				SWIFT_OPTIMIZATION_LEVEL = "-Onone";
			};
			name = Debug;
		};
		905297FB1D33508700575A8B /* Release */ = {
			isa = XCBuildConfiguration;
			baseConfigurationReference = 639807AE8FE842DA5B3D6C74 /* Pods-OneDay.release.xcconfig */;
			buildSettings = {
				ASSETCATALOG_COMPILER_APPICON_NAME = AppIcon;
				CLANG_ENABLE_MODULES = YES;
				CODE_SIGN_IDENTITY = "iPhone Developer";
				"CODE_SIGN_IDENTITY[sdk=iphoneos*]" = "iPhone Developer";
				DEFINES_MODULE = YES;
				ENABLE_BITCODE = YES;
				FRAMEWORK_SEARCH_PATHS = (
					"$(inherited)",
					"$(PROJECT_DIR)/Alamofire/build/Debug-iphoneos",
				);
				INFOPLIST_FILE = OneDay/Info.plist;
				IPHONEOS_DEPLOYMENT_TARGET = 9.3;
				LD_RUNPATH_SEARCH_PATHS = "$(inherited) @executable_path/Frameworks";
				PRODUCT_BUNDLE_IDENTIFIER = OneDays;
				PRODUCT_NAME = "$(TARGET_NAME)";
				PROVISIONING_PROFILE = "";
				SWIFT_OBJC_BRIDGING_HEADER = "OneDay/OneDay-Bridging-Header.h";
			};
			name = Release;
		};
		905297FD1D33508700575A8B /* Debug */ = {
			isa = XCBuildConfiguration;
			baseConfigurationReference = C7B97FED8D50ED30D4371F54 /* Pods-OneDay-OneDayTests.debug.xcconfig */;
			buildSettings = {
				BUNDLE_LOADER = "$(TEST_HOST)";
				CLANG_ENABLE_MODULES = YES;
				INFOPLIST_FILE = OneDayTests/Info.plist;
				LD_RUNPATH_SEARCH_PATHS = "$(inherited) @executable_path/Frameworks @loader_path/Frameworks";
				PRODUCT_BUNDLE_IDENTIFIER = com.ironfactory.OneDayTests;
				PRODUCT_NAME = "$(TARGET_NAME)";
				SWIFT_OBJC_BRIDGING_HEADER = "OneDay/OneDayTests-Bridging-Header.h";
				SWIFT_OPTIMIZATION_LEVEL = "-Onone";
				TEST_HOST = "$(BUILT_PRODUCTS_DIR)/OneDay.app/OneDay";
			};
			name = Debug;
		};
		905297FE1D33508700575A8B /* Release */ = {
			isa = XCBuildConfiguration;
			baseConfigurationReference = 22A16E1806383853686540A7 /* Pods-OneDay-OneDayTests.release.xcconfig */;
			buildSettings = {
				BUNDLE_LOADER = "$(TEST_HOST)";
				CLANG_ENABLE_MODULES = YES;
				INFOPLIST_FILE = OneDayTests/Info.plist;
				LD_RUNPATH_SEARCH_PATHS = "$(inherited) @executable_path/Frameworks @loader_path/Frameworks";
				PRODUCT_BUNDLE_IDENTIFIER = com.ironfactory.OneDayTests;
				PRODUCT_NAME = "$(TARGET_NAME)";
				SWIFT_OBJC_BRIDGING_HEADER = "OneDay/OneDayTests-Bridging-Header.h";
				TEST_HOST = "$(BUILT_PRODUCTS_DIR)/OneDay.app/OneDay";
			};
			name = Release;
		};
		905298001D33508700575A8B /* Debug */ = {
			isa = XCBuildConfiguration;
			baseConfigurationReference = EE98E2F766728DFA11341334 /* Pods-OneDay-OneDayUITests.debug.xcconfig */;
			buildSettings = {
				CLANG_ENABLE_MODULES = YES;
				INFOPLIST_FILE = OneDayUITests/Info.plist;
				LD_RUNPATH_SEARCH_PATHS = "$(inherited) @executable_path/Frameworks @loader_path/Frameworks";
				PRODUCT_BUNDLE_IDENTIFIER = com.ironfactory.OneDayUITests;
				PRODUCT_NAME = "$(TARGET_NAME)";
				SWIFT_OBJC_BRIDGING_HEADER = "OneDay/OneDayUITests-Bridging-Header.h";
				SWIFT_OPTIMIZATION_LEVEL = "-Onone";
				TEST_TARGET_NAME = OneDay;
			};
			name = Debug;
		};
		905298011D33508700575A8B /* Release */ = {
			isa = XCBuildConfiguration;
			baseConfigurationReference = 07DD66C763993448F3288035 /* Pods-OneDay-OneDayUITests.release.xcconfig */;
			buildSettings = {
				CLANG_ENABLE_MODULES = YES;
				INFOPLIST_FILE = OneDayUITests/Info.plist;
				LD_RUNPATH_SEARCH_PATHS = "$(inherited) @executable_path/Frameworks @loader_path/Frameworks";
				PRODUCT_BUNDLE_IDENTIFIER = com.ironfactory.OneDayUITests;
				PRODUCT_NAME = "$(TARGET_NAME)";
				SWIFT_OBJC_BRIDGING_HEADER = "OneDay/OneDayUITests-Bridging-Header.h";
				TEST_TARGET_NAME = OneDay;
			};
			name = Release;
		};
/* End XCBuildConfiguration section */

/* Begin XCConfigurationList section */
		905297CC1D33508700575A8B /* Build configuration list for PBXProject "OneDay" */ = {
			isa = XCConfigurationList;
			buildConfigurations = (
				905297F71D33508700575A8B /* Debug */,
				905297F81D33508700575A8B /* Release */,
			);
			defaultConfigurationIsVisible = 0;
			defaultConfigurationName = Release;
		};
		905297F91D33508700575A8B /* Build configuration list for PBXNativeTarget "OneDay" */ = {
			isa = XCConfigurationList;
			buildConfigurations = (
				905297FA1D33508700575A8B /* Debug */,
				905297FB1D33508700575A8B /* Release */,
			);
			defaultConfigurationIsVisible = 0;
			defaultConfigurationName = Release;
		};
		905297FC1D33508700575A8B /* Build configuration list for PBXNativeTarget "OneDayTests" */ = {
			isa = XCConfigurationList;
			buildConfigurations = (
				905297FD1D33508700575A8B /* Debug */,
				905297FE1D33508700575A8B /* Release */,
			);
			defaultConfigurationIsVisible = 0;
			defaultConfigurationName = Release;
		};
		905297FF1D33508700575A8B /* Build configuration list for PBXNativeTarget "OneDayUITests" */ = {
			isa = XCConfigurationList;
			buildConfigurations = (
				905298001D33508700575A8B /* Debug */,
				905298011D33508700575A8B /* Release */,
			);
			defaultConfigurationIsVisible = 0;
			defaultConfigurationName = Release;
		};
/* End XCConfigurationList section */
	};
	rootObject = 905297C91D33508700575A8B /* Project object */;
}
